// !$*UTF8*$!
{
	archiveVersion = 1;
	classes = {
	};
	objectVersion = 51;
	objects = {

/* Begin PBXBuildFile section */
		57519E203F217CD03346D6B4 /* Pods_TinkoffFintechMessenger.framework in Frameworks */ = {isa = PBXBuildFile; fileRef = 23A375116B19233D65668473 /* Pods_TinkoffFintechMessenger.framework */; };
		6DD805D5251151910070594D /* UIViewController+State.swift in Sources */ = {isa = PBXBuildFile; fileRef = 6DD805D4251151910070594D /* UIViewController+State.swift */; };
		72202AC52566F111006B4BBA /* Request.swift in Sources */ = {isa = PBXBuildFile; fileRef = 72202AC42566F111006B4BBA /* Request.swift */; };
		72202AC72566F165006B4BBA /* RequestFactory.swift in Sources */ = {isa = PBXBuildFile; fileRef = 72202AC62566F165006B4BBA /* RequestFactory.swift */; };
		72202AC92566F51E006B4BBA /* INetworkManager.swift in Sources */ = {isa = PBXBuildFile; fileRef = 72202AC82566F51E006B4BBA /* INetworkManager.swift */; };
		72202ACB2566F770006B4BBA /* IImagesService.swift in Sources */ = {isa = PBXBuildFile; fileRef = 72202ACA2566F770006B4BBA /* IImagesService.swift */; };
		72202ACD2566F7F6006B4BBA /* ImageModel.swift in Sources */ = {isa = PBXBuildFile; fileRef = 72202ACC2566F7F6006B4BBA /* ImageModel.swift */; };
		72202ACF2566F925006B4BBA /* DataParser.swift in Sources */ = {isa = PBXBuildFile; fileRef = 72202ACE2566F925006B4BBA /* DataParser.swift */; };
		722119EC2565630000EBE32B /* NetworkImagesViewController.swift in Sources */ = {isa = PBXBuildFile; fileRef = 722119EB2565630000EBE32B /* NetworkImagesViewController.swift */; };
		722119EE2565639B00EBE32B /* NetworkImagesColelctionViewDataSource.swift in Sources */ = {isa = PBXBuildFile; fileRef = 722119ED2565639B00EBE32B /* NetworkImagesColelctionViewDataSource.swift */; };
		722119F02565644B00EBE32B /* NetworkImagesCollectionViewDelegate.swift in Sources */ = {isa = PBXBuildFile; fileRef = 722119EF2565644B00EBE32B /* NetworkImagesCollectionViewDelegate.swift */; };
		722119F22565655200EBE32B /* NetworkImageCell.swift in Sources */ = {isa = PBXBuildFile; fileRef = 722119F12565655200EBE32B /* NetworkImageCell.swift */; };
		722119F42565C34A00EBE32B /* NetworkImageCellModel.swift in Sources */ = {isa = PBXBuildFile; fileRef = 722119F32565C34A00EBE32B /* NetworkImageCellModel.swift */; };
		722EB0592549D42500C37106 /* Channel_db+Init.swift in Sources */ = {isa = PBXBuildFile; fileRef = 722EB0582549D42500C37106 /* Channel_db+Init.swift */; };
		722EB05B2549D66300C37106 /* Message_db+Init.swift in Sources */ = {isa = PBXBuildFile; fileRef = 722EB05A2549D66300C37106 /* Message_db+Init.swift */; };
		72331E5C2576AC3B006F14C0 /* GCDDataManagerTests.swift in Sources */ = {isa = PBXBuildFile; fileRef = 72331E5B2576AC3B006F14C0 /* GCDDataManagerTests.swift */; };
		72331E642576ADBB006F14C0 /* DataManagerMock.swift in Sources */ = {isa = PBXBuildFile; fileRef = 72331E632576ADBB006F14C0 /* DataManagerMock.swift */; };
		72331E692577E9B9006F14C0 /* FirestoreDataProviderTests.swift in Sources */ = {isa = PBXBuildFile; fileRef = 72331E682577E9B9006F14C0 /* FirestoreDataProviderTests.swift */; };
		72331E6F2577EA7D006F14C0 /* UserDataProviderMock.swift in Sources */ = {isa = PBXBuildFile; fileRef = 72331E6E2577EA7D006F14C0 /* UserDataProviderMock.swift */; };
		72331E712577EC04006F14C0 /* ConversationNetworkManagerMock.swift in Sources */ = {isa = PBXBuildFile; fileRef = 72331E702577EC04006F14C0 /* ConversationNetworkManagerMock.swift */; };
		72331E732577EE61006F14C0 /* CoreDataManagerMock.swift in Sources */ = {isa = PBXBuildFile; fileRef = 72331E722577EE61006F14C0 /* CoreDataManagerMock.swift */; };
		72377D4B256D81B8003DB019 /* PopVCAnimator.swift in Sources */ = {isa = PBXBuildFile; fileRef = 72377D4A256D81B8003DB019 /* PopVCAnimator.swift */; };
		72377D4D256D86A0003DB019 /* IViewControllerAnimator.swift in Sources */ = {isa = PBXBuildFile; fileRef = 72377D4C256D86A0003DB019 /* IViewControllerAnimator.swift */; };
		723E18A82557165900085D21 /* RootAssembly.swift in Sources */ = {isa = PBXBuildFile; fileRef = 723E18A72557165900085D21 /* RootAssembly.swift */; };
		723E18AA2557167D00085D21 /* IPresentationAssembly.swift in Sources */ = {isa = PBXBuildFile; fileRef = 723E18A92557167D00085D21 /* IPresentationAssembly.swift */; };
		723E18AC2557169F00085D21 /* IServicesAssembly.swift in Sources */ = {isa = PBXBuildFile; fileRef = 723E18AB2557169F00085D21 /* IServicesAssembly.swift */; };
		723E18AE255716AB00085D21 /* ICoreAssembly.swift in Sources */ = {isa = PBXBuildFile; fileRef = 723E18AD255716AB00085D21 /* ICoreAssembly.swift */; };
		723E18B0255716C600085D21 /* PresentationAssembly.swift in Sources */ = {isa = PBXBuildFile; fileRef = 723E18AF255716C600085D21 /* PresentationAssembly.swift */; };
		723E18B22557170800085D21 /* ServicesAssembly.swift in Sources */ = {isa = PBXBuildFile; fileRef = 723E18B12557170800085D21 /* ServicesAssembly.swift */; };
		723E18B42557173E00085D21 /* CoreAssembly.swift in Sources */ = {isa = PBXBuildFile; fileRef = 723E18B32557173E00085D21 /* CoreAssembly.swift */; };
		7240BEEB253B28A200C00BB9 /* .swiftlint.yml in Resources */ = {isa = PBXBuildFile; fileRef = 7240BEEA253B28A200C00BB9 /* .swiftlint.yml */; };
		7240BEEE253B2CFD00C00BB9 /* Message.swift in Sources */ = {isa = PBXBuildFile; fileRef = 7240BEED253B2CFD00C00BB9 /* Message.swift */; };
		7240BEF0253B2D2800C00BB9 /* Channel.swift in Sources */ = {isa = PBXBuildFile; fileRef = 7240BEEF253B2D2800C00BB9 /* Channel.swift */; };
		7240BEF7253B469A00C00BB9 /* FirestoreDataProvider.swift in Sources */ = {isa = PBXBuildFile; fileRef = 7240BEF6253B469A00C00BB9 /* FirestoreDataProvider.swift */; };
		7240BEFB253B484500C00BB9 /* IConversationNetworkManager.swift in Sources */ = {isa = PBXBuildFile; fileRef = 7240BEFA253B484500C00BB9 /* IConversationNetworkManager.swift */; };
		7240BEFD253B48F500C00BB9 /* FirestoreNetworkManager.swift in Sources */ = {isa = PBXBuildFile; fileRef = 7240BEFC253B48F500C00BB9 /* FirestoreNetworkManager.swift */; };
		7240BEFF253CA15D00C00BB9 /* ConversationListTableViewHeader.swift in Sources */ = {isa = PBXBuildFile; fileRef = 7240BEFE253CA15D00C00BB9 /* ConversationListTableViewHeader.swift */; };
		7240BF01253CB55500C00BB9 /* String+Content.swift in Sources */ = {isa = PBXBuildFile; fileRef = 7240BF00253CB55500C00BB9 /* String+Content.swift */; };
		7240BF03253CB70C00C00BB9 /* CreateChannelAlertController.swift in Sources */ = {isa = PBXBuildFile; fileRef = 7240BF02253CB70C00C00BB9 /* CreateChannelAlertController.swift */; };
		7240BF05253CBC5700C00BB9 /* SendMessageView.swift in Sources */ = {isa = PBXBuildFile; fileRef = 7240BF04253CBC5700C00BB9 /* SendMessageView.swift */; };
		7256E6B32527808300DA0608 /* ThemesViewController.swift in Sources */ = {isa = PBXBuildFile; fileRef = 7256E6B22527808300DA0608 /* ThemesViewController.swift */; };
		7256E6B72527821200DA0608 /* ThemePickerView.swift in Sources */ = {isa = PBXBuildFile; fileRef = 7256E6B62527821200DA0608 /* ThemePickerView.swift */; };
		7256E6BA2527821F00DA0608 /* Theme.swift in Sources */ = {isa = PBXBuildFile; fileRef = 7256E6B92527821F00DA0608 /* Theme.swift */; };
		72579444256B05DD00B56656 /* ShakeViewAnimator.swift in Sources */ = {isa = PBXBuildFile; fileRef = 72579443256B05DD00B56656 /* ShakeViewAnimator.swift */; };
		72579446256B084E00B56656 /* IViewAnimator.swift in Sources */ = {isa = PBXBuildFile; fileRef = 72579445256B084E00B56656 /* IViewAnimator.swift */; };
		725B0F592566388B00B718E0 /* NetworkManager.swift in Sources */ = {isa = PBXBuildFile; fileRef = 725B0F582566388B00B718E0 /* NetworkManager.swift */; };
		725B0F6225663BBC00B718E0 /* IParser.swift in Sources */ = {isa = PBXBuildFile; fileRef = 725B0F6125663BBC00B718E0 /* IParser.swift */; };
		725B0F6425663CA000B718E0 /* IRequest.swift in Sources */ = {isa = PBXBuildFile; fileRef = 725B0F6325663CA000B718E0 /* IRequest.swift */; };
		725B0F662566BB6900B718E0 /* PixabayService.swift in Sources */ = {isa = PBXBuildFile; fileRef = 725B0F652566BB6900B718E0 /* PixabayService.swift */; };
		725B0F682566BDDF00B718E0 /* BaseCodableParser.swift in Sources */ = {isa = PBXBuildFile; fileRef = 725B0F672566BDDF00B718E0 /* BaseCodableParser.swift */; };
		725B0F6A2566CD7F00B718E0 /* PixabayResponse.swift in Sources */ = {isa = PBXBuildFile; fileRef = 725B0F692566CD7F00B718E0 /* PixabayResponse.swift */; };
		725B0F6C2566CDFF00B718E0 /* PixabayImage.swift in Sources */ = {isa = PBXBuildFile; fileRef = 725B0F6B2566CDFF00B718E0 /* PixabayImage.swift */; };
		726DCECD25700E010025C76A /* IWindowAnimator.swift in Sources */ = {isa = PBXBuildFile; fileRef = 726DCECC25700E010025C76A /* IWindowAnimator.swift */; };
		7276ABEE250E67510017245A /* AppDelegate.swift in Sources */ = {isa = PBXBuildFile; fileRef = 7276ABED250E67510017245A /* AppDelegate.swift */; };
		7276ABF2250E67510017245A /* ProfileViewController.swift in Sources */ = {isa = PBXBuildFile; fileRef = 7276ABF1250E67510017245A /* ProfileViewController.swift */; };
		7276ABF5250E67510017245A /* Profile.storyboard in Resources */ = {isa = PBXBuildFile; fileRef = 7276ABF3250E67510017245A /* Profile.storyboard */; };
		7276ABF7250E67520017245A /* Assets.xcassets in Resources */ = {isa = PBXBuildFile; fileRef = 7276ABF6250E67520017245A /* Assets.xcassets */; };
		7276ABFA250E67520017245A /* LaunchScreen.storyboard in Resources */ = {isa = PBXBuildFile; fileRef = 7276ABF8250E67520017245A /* LaunchScreen.storyboard */; };
		7276AC05250E81DF0017245A /* Logger.swift in Sources */ = {isa = PBXBuildFile; fileRef = 7276AC04250E81DF0017245A /* Logger.swift */; };
		727AD2AE256F83D500C1BFE2 /* IPopAnimatableViewController.swift in Sources */ = {isa = PBXBuildFile; fileRef = 727AD2AD256F83D500C1BFE2 /* IPopAnimatableViewController.swift */; };
		72924C352558444D008944E8 /* IUserDataProvider.swift in Sources */ = {isa = PBXBuildFile; fileRef = 72924C342558444D008944E8 /* IUserDataProvider.swift */; };
		72924C3C25584DE1008944E8 /* DataManager.swift in Sources */ = {isa = PBXBuildFile; fileRef = 72924C3B25584DE1008944E8 /* DataManager.swift */; };
		72924C4025588997008944E8 /* ICoreDataManager.swift in Sources */ = {isa = PBXBuildFile; fileRef = 72924C3F25588997008944E8 /* ICoreDataManager.swift */; };
		7293C6D12536594E0081BA1C /* IDataManager.swift in Sources */ = {isa = PBXBuildFile; fileRef = 7293C6D02536594E0081BA1C /* IDataManager.swift */; };
		7293C6D425365BAE0081BA1C /* GCDUserDataProvider.swift in Sources */ = {isa = PBXBuildFile; fileRef = 7293C6D325365BAE0081BA1C /* GCDUserDataProvider.swift */; };
		7293C6D725365BD90081BA1C /* OperationUserDataProvider.swift in Sources */ = {isa = PBXBuildFile; fileRef = 7293C6D625365BD90081BA1C /* OperationUserDataProvider.swift */; };
		7293C6DA25365E1E0081BA1C /* UserModel.swift in Sources */ = {isa = PBXBuildFile; fileRef = 7293C6D925365E1E0081BA1C /* UserModel.swift */; };
		7293C6DE25375E6D0081BA1C /* FileManager+Operations.swift in Sources */ = {isa = PBXBuildFile; fileRef = 7293C6DD25375E6D0081BA1C /* FileManager+Operations.swift */; };
		7293C6E32537624E0081BA1C /* Constants.swift in Sources */ = {isa = PBXBuildFile; fileRef = 7293C6E22537624E0081BA1C /* Constants.swift */; };
		7293C6E92537A38A0081BA1C /* UIImage+Comparer.swift in Sources */ = {isa = PBXBuildFile; fileRef = 7293C6E82537A38A0081BA1C /* UIImage+Comparer.swift */; };
		7295F4022549C7E400937444 /* CoreDataManager.swift in Sources */ = {isa = PBXBuildFile; fileRef = 7295F4012549C7E400937444 /* CoreDataManager.swift */; };
		72993A63255C5813008EBC4B /* IThemeService.swift in Sources */ = {isa = PBXBuildFile; fileRef = 72993A62255C5813008EBC4B /* IThemeService.swift */; };
		729E44E62521FA7F004CE520 /* ConversationViewController.swift in Sources */ = {isa = PBXBuildFile; fileRef = 729E44E52521FA7F004CE520 /* ConversationViewController.swift */; };
		729E44EA2521FD6B004CE520 /* MessageCell.swift in Sources */ = {isa = PBXBuildFile; fileRef = 729E44E92521FD6B004CE520 /* MessageCell.swift */; };
		729E44ED252201F2004CE520 /* MessageModel.swift in Sources */ = {isa = PBXBuildFile; fileRef = 729E44EC252201F2004CE520 /* MessageModel.swift */; };
		72A1757E2534DC9100D4D81D /* TextViewDelegate.swift in Sources */ = {isa = PBXBuildFile; fileRef = 72A1757D2534DC9100D4D81D /* TextViewDelegate.swift */; };
		72A175822534DDD200D4D81D /* AccessHelper.swift in Sources */ = {isa = PBXBuildFile; fileRef = 72A175812534DDD200D4D81D /* AccessHelper.swift */; };
		72A175852534E2AC00D4D81D /* ImagePickerDelegate.swift in Sources */ = {isa = PBXBuildFile; fileRef = 72A175842534E2AC00D4D81D /* ImagePickerDelegate.swift */; };
		72A9B451255329ED00F5FCA8 /* AlertHelper.swift in Sources */ = {isa = PBXBuildFile; fileRef = 72A9B450255329ED00F5FCA8 /* AlertHelper.swift */; };
		72AF92C8252934DB00335DF4 /* BaseNavigationController.swift in Sources */ = {isa = PBXBuildFile; fileRef = 72AF92C7252934DB00335DF4 /* BaseNavigationController.swift */; };
		72B94AB6256FD2D10019D6DD /* ParticlesAnimator.swift in Sources */ = {isa = PBXBuildFile; fileRef = 72B94AB5256FD2D10019D6DD /* ParticlesAnimator.swift */; };
		72B94AB8257003570019D6DD /* AnimatedWindow.swift in Sources */ = {isa = PBXBuildFile; fileRef = 72B94AB7257003570019D6DD /* AnimatedWindow.swift */; };
		72DAD5FF250F4489008C8762 /* UIApplication.State+description.swift in Sources */ = {isa = PBXBuildFile; fileRef = 72DAD5FE250F4489008C8762 /* UIApplication.State+description.swift */; };
		72EAD6FA251D10E2003DC6E4 /* ProfileImageView.swift in Sources */ = {isa = PBXBuildFile; fileRef = 72EAD6F9251D10E2003DC6E4 /* ProfileImageView.swift */; };
		72EAD6FF251D11B0003DC6E4 /* User.swift in Sources */ = {isa = PBXBuildFile; fileRef = 72EAD6FE251D11B0003DC6E4 /* User.swift */; };
		72EAD704251D392F003DC6E4 /* ConversationsListViewController.swift in Sources */ = {isa = PBXBuildFile; fileRef = 72EAD703251D392F003DC6E4 /* ConversationsListViewController.swift */; };
		72EAD710251DC3D0003DC6E4 /* ConversationListTableViewCell.swift in Sources */ = {isa = PBXBuildFile; fileRef = 72EAD70F251DC3D0003DC6E4 /* ConversationListTableViewCell.swift */; };
		72EAD716251DD0A5003DC6E4 /* IConfigurableView.swift in Sources */ = {isa = PBXBuildFile; fileRef = 72EAD715251DD0A5003DC6E4 /* IConfigurableView.swift */; };
		72EFC8CF255C7921004D128A /* ChannelModel.swift in Sources */ = {isa = PBXBuildFile; fileRef = 72EFC8CE255C7921004D128A /* ChannelModel.swift */; };
		72EFC8D1255C7A17004D128A /* Repository.swift in Sources */ = {isa = PBXBuildFile; fileRef = 72EFC8D0255C7A17004D128A /* Repository.swift */; };
		72EFC8D5255C87E0004D128A /* IChannelsRepository.swift in Sources */ = {isa = PBXBuildFile; fileRef = 72EFC8D4255C87E0004D128A /* IChannelsRepository.swift */; };
		72EFC8D8255C888C004D128A /* ChannelsRepository.swift in Sources */ = {isa = PBXBuildFile; fileRef = 72EFC8D7255C888C004D128A /* ChannelsRepository.swift */; };
		72EFC8DA255C8DEB004D128A /* IMessagesRepository.swift in Sources */ = {isa = PBXBuildFile; fileRef = 72EFC8D9255C8DEB004D128A /* IMessagesRepository.swift */; };
		72EFC8DE255C8EE3004D128A /* MessagesRepository.swift in Sources */ = {isa = PBXBuildFile; fileRef = 72EFC8DD255C8EE3004D128A /* MessagesRepository.swift */; };
		72EFC8E5255DA33E004D128A /* ILogger.swift in Sources */ = {isa = PBXBuildFile; fileRef = 72EFC8E4255DA33E004D128A /* ILogger.swift */; };
		72EFC8E7255DA8E9004D128A /* ILoggerService.swift in Sources */ = {isa = PBXBuildFile; fileRef = 72EFC8E6255DA8E9004D128A /* ILoggerService.swift */; };
		72EFC8E9255DA900004D128A /* LoggerService.swift in Sources */ = {isa = PBXBuildFile; fileRef = 72EFC8E8255DA900004D128A /* LoggerService.swift */; };
		72EFC8EB255DB13E004D128A /* MessageCellModel.swift in Sources */ = {isa = PBXBuildFile; fileRef = 72EFC8EA255DB13E004D128A /* MessageCellModel.swift */; };
		72EFC8ED255DB321004D128A /* ConversationModel.swift in Sources */ = {isa = PBXBuildFile; fileRef = 72EFC8EC255DB321004D128A /* ConversationModel.swift */; };
		72EFC8EF255DB474004D128A /* ConversationCellModel.swift in Sources */ = {isa = PBXBuildFile; fileRef = 72EFC8EE255DB474004D128A /* ConversationCellModel.swift */; };
		72EFC8F1255DB547004D128A /* ProfileImageModel.swift in Sources */ = {isa = PBXBuildFile; fileRef = 72EFC8F0255DB547004D128A /* ProfileImageModel.swift */; };
		72EFC8F3255DB666004D128A /* ThemeModel.swift in Sources */ = {isa = PBXBuildFile; fileRef = 72EFC8F2255DB666004D128A /* ThemeModel.swift */; };
		72EFC8F5255DBD37004D128A /* SendMessageModel.swift in Sources */ = {isa = PBXBuildFile; fileRef = 72EFC8F4255DBD37004D128A /* SendMessageModel.swift */; };
		72EFC8F7255DC073004D128A /* ConversationsListTableViewDelegate.swift in Sources */ = {isa = PBXBuildFile; fileRef = 72EFC8F6255DC073004D128A /* ConversationsListTableViewDelegate.swift */; };
		72EFC8FB255DC3A5004D128A /* ConversationsListTableViewDataSource.swift in Sources */ = {isa = PBXBuildFile; fileRef = 72EFC8FA255DC3A5004D128A /* ConversationsListTableViewDataSource.swift */; };
		72EFC8FF255DC72E004D128A /* ConversationTableViewDataSource.swift in Sources */ = {isa = PBXBuildFile; fileRef = 72EFC8FE255DC72E004D128A /* ConversationTableViewDataSource.swift */; };
		72F69F42251E82FF00FCC09B /* Date+Formatter.swift in Sources */ = {isa = PBXBuildFile; fileRef = 72F69F41251E82FF00FCC09B /* Date+Formatter.swift */; };
		72F69F4525210EB700FCC09B /* Appearance.swift in Sources */ = {isa = PBXBuildFile; fileRef = 72F69F4425210EB700FCC09B /* Appearance.swift */; };
		72F79DD72545E2E500F4E6AC /* Chat.xcdatamodeld in Sources */ = {isa = PBXBuildFile; fileRef = 72F79DD52545E2E500F4E6AC /* Chat.xcdatamodeld */; };
		72FEC2F7254F62CA0006D8EA /* GoogleService-Info.plist in Resources */ = {isa = PBXBuildFile; fileRef = 7240BEEC253B28CA00C00BB9 /* GoogleService-Info.plist */; };
		72FF172D2521DC6B00B60547 /* IConversationsDataProvider.swift in Sources */ = {isa = PBXBuildFile; fileRef = 72FF172C2521DC6B00B60547 /* IConversationsDataProvider.swift */; };
		BC78D14696444B4430C1D3BC /* Pods_MessengerTests.framework in Frameworks */ = {isa = PBXBuildFile; fileRef = 6F8827AE05ED237709E987B1 /* Pods_MessengerTests.framework */; };
/* End PBXBuildFile section */

/* Begin PBXContainerItemProxy section */
		72331E5E2576AC3B006F14C0 /* PBXContainerItemProxy */ = {
			isa = PBXContainerItemProxy;
			containerPortal = 7276ABE2250E67510017245A /* Project object */;
			proxyType = 1;
			remoteGlobalIDString = 7276ABE9250E67510017245A;
			remoteInfo = TinkoffFintechMessenger;
		};
/* End PBXContainerItemProxy section */

/* Begin PBXFileReference section */
		0622A5317C62B6E7D4A5457C /* Pods-MessengerTests.debug.xcconfig */ = {isa = PBXFileReference; includeInIndex = 1; lastKnownFileType = text.xcconfig; name = "Pods-MessengerTests.debug.xcconfig"; path = "Target Support Files/Pods-MessengerTests/Pods-MessengerTests.debug.xcconfig"; sourceTree = "<group>"; };
		1FD8756D697DB36E462A9513 /* Pods-MessengerTests.release.xcconfig */ = {isa = PBXFileReference; includeInIndex = 1; lastKnownFileType = text.xcconfig; name = "Pods-MessengerTests.release.xcconfig"; path = "Target Support Files/Pods-MessengerTests/Pods-MessengerTests.release.xcconfig"; sourceTree = "<group>"; };
		23A375116B19233D65668473 /* Pods_TinkoffFintechMessenger.framework */ = {isa = PBXFileReference; explicitFileType = wrapper.framework; includeInIndex = 0; path = Pods_TinkoffFintechMessenger.framework; sourceTree = BUILT_PRODUCTS_DIR; };
		5786F2FF9963D4A506F1D523 /* Pods-TinkoffFintechMessenger.debug.xcconfig */ = {isa = PBXFileReference; includeInIndex = 1; lastKnownFileType = text.xcconfig; name = "Pods-TinkoffFintechMessenger.debug.xcconfig"; path = "Target Support Files/Pods-TinkoffFintechMessenger/Pods-TinkoffFintechMessenger.debug.xcconfig"; sourceTree = "<group>"; };
		6DD805D4251151910070594D /* UIViewController+State.swift */ = {isa = PBXFileReference; lastKnownFileType = sourcecode.swift; path = "UIViewController+State.swift"; sourceTree = "<group>"; };
		6F5C6EBCC32D1CACA43E7F81 /* Pods-TinkoffFintechMessenger.release.xcconfig */ = {isa = PBXFileReference; includeInIndex = 1; lastKnownFileType = text.xcconfig; name = "Pods-TinkoffFintechMessenger.release.xcconfig"; path = "Target Support Files/Pods-TinkoffFintechMessenger/Pods-TinkoffFintechMessenger.release.xcconfig"; sourceTree = "<group>"; };
		6F8827AE05ED237709E987B1 /* Pods_MessengerTests.framework */ = {isa = PBXFileReference; explicitFileType = wrapper.framework; includeInIndex = 0; path = Pods_MessengerTests.framework; sourceTree = BUILT_PRODUCTS_DIR; };
		72202AC42566F111006B4BBA /* Request.swift */ = {isa = PBXFileReference; lastKnownFileType = sourcecode.swift; path = Request.swift; sourceTree = "<group>"; };
		72202AC62566F165006B4BBA /* RequestFactory.swift */ = {isa = PBXFileReference; lastKnownFileType = sourcecode.swift; path = RequestFactory.swift; sourceTree = "<group>"; };
		72202AC82566F51E006B4BBA /* INetworkManager.swift */ = {isa = PBXFileReference; lastKnownFileType = sourcecode.swift; path = INetworkManager.swift; sourceTree = "<group>"; };
		72202ACA2566F770006B4BBA /* IImagesService.swift */ = {isa = PBXFileReference; lastKnownFileType = sourcecode.swift; path = IImagesService.swift; sourceTree = "<group>"; };
		72202ACC2566F7F6006B4BBA /* ImageModel.swift */ = {isa = PBXFileReference; lastKnownFileType = sourcecode.swift; path = ImageModel.swift; sourceTree = "<group>"; };
		72202ACE2566F925006B4BBA /* DataParser.swift */ = {isa = PBXFileReference; lastKnownFileType = sourcecode.swift; path = DataParser.swift; sourceTree = "<group>"; };
		722119EB2565630000EBE32B /* NetworkImagesViewController.swift */ = {isa = PBXFileReference; lastKnownFileType = sourcecode.swift; path = NetworkImagesViewController.swift; sourceTree = "<group>"; };
		722119ED2565639B00EBE32B /* NetworkImagesColelctionViewDataSource.swift */ = {isa = PBXFileReference; lastKnownFileType = sourcecode.swift; path = NetworkImagesColelctionViewDataSource.swift; sourceTree = "<group>"; };
		722119EF2565644B00EBE32B /* NetworkImagesCollectionViewDelegate.swift */ = {isa = PBXFileReference; lastKnownFileType = sourcecode.swift; path = NetworkImagesCollectionViewDelegate.swift; sourceTree = "<group>"; };
		722119F12565655200EBE32B /* NetworkImageCell.swift */ = {isa = PBXFileReference; lastKnownFileType = sourcecode.swift; path = NetworkImageCell.swift; sourceTree = "<group>"; };
		722119F32565C34A00EBE32B /* NetworkImageCellModel.swift */ = {isa = PBXFileReference; lastKnownFileType = sourcecode.swift; path = NetworkImageCellModel.swift; sourceTree = "<group>"; };
		722EB0582549D42500C37106 /* Channel_db+Init.swift */ = {isa = PBXFileReference; lastKnownFileType = sourcecode.swift; path = "Channel_db+Init.swift"; sourceTree = "<group>"; };
		722EB05A2549D66300C37106 /* Message_db+Init.swift */ = {isa = PBXFileReference; lastKnownFileType = sourcecode.swift; path = "Message_db+Init.swift"; sourceTree = "<group>"; };
		72331E592576AC3B006F14C0 /* MessengerTests.xctest */ = {isa = PBXFileReference; explicitFileType = wrapper.cfbundle; includeInIndex = 0; path = MessengerTests.xctest; sourceTree = BUILT_PRODUCTS_DIR; };
		72331E5B2576AC3B006F14C0 /* GCDDataManagerTests.swift */ = {isa = PBXFileReference; lastKnownFileType = sourcecode.swift; path = GCDDataManagerTests.swift; sourceTree = "<group>"; };
		72331E5D2576AC3B006F14C0 /* Info.plist */ = {isa = PBXFileReference; lastKnownFileType = text.plist.xml; path = Info.plist; sourceTree = "<group>"; };
		72331E632576ADBB006F14C0 /* DataManagerMock.swift */ = {isa = PBXFileReference; lastKnownFileType = sourcecode.swift; path = DataManagerMock.swift; sourceTree = "<group>"; };
		72331E682577E9B9006F14C0 /* FirestoreDataProviderTests.swift */ = {isa = PBXFileReference; lastKnownFileType = sourcecode.swift; path = FirestoreDataProviderTests.swift; sourceTree = "<group>"; };
		72331E6E2577EA7D006F14C0 /* UserDataProviderMock.swift */ = {isa = PBXFileReference; lastKnownFileType = sourcecode.swift; path = UserDataProviderMock.swift; sourceTree = "<group>"; };
		72331E702577EC04006F14C0 /* ConversationNetworkManagerMock.swift */ = {isa = PBXFileReference; lastKnownFileType = sourcecode.swift; path = ConversationNetworkManagerMock.swift; sourceTree = "<group>"; };
		72331E722577EE61006F14C0 /* CoreDataManagerMock.swift */ = {isa = PBXFileReference; lastKnownFileType = sourcecode.swift; path = CoreDataManagerMock.swift; sourceTree = "<group>"; };
		72377D4A256D81B8003DB019 /* PopVCAnimator.swift */ = {isa = PBXFileReference; lastKnownFileType = sourcecode.swift; path = PopVCAnimator.swift; sourceTree = "<group>"; };
		72377D4C256D86A0003DB019 /* IViewControllerAnimator.swift */ = {isa = PBXFileReference; lastKnownFileType = sourcecode.swift; path = IViewControllerAnimator.swift; sourceTree = "<group>"; };
		723E18A72557165900085D21 /* RootAssembly.swift */ = {isa = PBXFileReference; lastKnownFileType = sourcecode.swift; path = RootAssembly.swift; sourceTree = "<group>"; };
		723E18A92557167D00085D21 /* IPresentationAssembly.swift */ = {isa = PBXFileReference; lastKnownFileType = sourcecode.swift; path = IPresentationAssembly.swift; sourceTree = "<group>"; };
		723E18AB2557169F00085D21 /* IServicesAssembly.swift */ = {isa = PBXFileReference; lastKnownFileType = sourcecode.swift; path = IServicesAssembly.swift; sourceTree = "<group>"; };
		723E18AD255716AB00085D21 /* ICoreAssembly.swift */ = {isa = PBXFileReference; lastKnownFileType = sourcecode.swift; path = ICoreAssembly.swift; sourceTree = "<group>"; };
		723E18AF255716C600085D21 /* PresentationAssembly.swift */ = {isa = PBXFileReference; lastKnownFileType = sourcecode.swift; path = PresentationAssembly.swift; sourceTree = "<group>"; };
		723E18B12557170800085D21 /* ServicesAssembly.swift */ = {isa = PBXFileReference; lastKnownFileType = sourcecode.swift; path = ServicesAssembly.swift; sourceTree = "<group>"; };
		723E18B32557173E00085D21 /* CoreAssembly.swift */ = {isa = PBXFileReference; lastKnownFileType = sourcecode.swift; path = CoreAssembly.swift; sourceTree = "<group>"; };
		7240BEEA253B28A200C00BB9 /* .swiftlint.yml */ = {isa = PBXFileReference; lastKnownFileType = text.yaml; path = .swiftlint.yml; sourceTree = "<group>"; };
		7240BEEC253B28CA00C00BB9 /* GoogleService-Info.plist */ = {isa = PBXFileReference; lastKnownFileType = text.plist.xml; path = "GoogleService-Info.plist"; sourceTree = "<group>"; };
		7240BEED253B2CFD00C00BB9 /* Message.swift */ = {isa = PBXFileReference; fileEncoding = 4; lastKnownFileType = sourcecode.swift; path = Message.swift; sourceTree = "<group>"; };
		7240BEEF253B2D2800C00BB9 /* Channel.swift */ = {isa = PBXFileReference; lastKnownFileType = sourcecode.swift; path = Channel.swift; sourceTree = "<group>"; };
		7240BEF6253B469A00C00BB9 /* FirestoreDataProvider.swift */ = {isa = PBXFileReference; lastKnownFileType = sourcecode.swift; path = FirestoreDataProvider.swift; sourceTree = "<group>"; };
		7240BEFA253B484500C00BB9 /* IConversationNetworkManager.swift */ = {isa = PBXFileReference; lastKnownFileType = sourcecode.swift; path = IConversationNetworkManager.swift; sourceTree = "<group>"; };
		7240BEFC253B48F500C00BB9 /* FirestoreNetworkManager.swift */ = {isa = PBXFileReference; lastKnownFileType = sourcecode.swift; path = FirestoreNetworkManager.swift; sourceTree = "<group>"; };
		7240BEFE253CA15D00C00BB9 /* ConversationListTableViewHeader.swift */ = {isa = PBXFileReference; lastKnownFileType = sourcecode.swift; path = ConversationListTableViewHeader.swift; sourceTree = "<group>"; };
		7240BF00253CB55500C00BB9 /* String+Content.swift */ = {isa = PBXFileReference; lastKnownFileType = sourcecode.swift; path = "String+Content.swift"; sourceTree = "<group>"; };
		7240BF02253CB70C00C00BB9 /* CreateChannelAlertController.swift */ = {isa = PBXFileReference; lastKnownFileType = sourcecode.swift; path = CreateChannelAlertController.swift; sourceTree = "<group>"; };
		7240BF04253CBC5700C00BB9 /* SendMessageView.swift */ = {isa = PBXFileReference; lastKnownFileType = sourcecode.swift; path = SendMessageView.swift; sourceTree = "<group>"; };
		7256E6B22527808300DA0608 /* ThemesViewController.swift */ = {isa = PBXFileReference; lastKnownFileType = sourcecode.swift; path = ThemesViewController.swift; sourceTree = "<group>"; };
		7256E6B62527821200DA0608 /* ThemePickerView.swift */ = {isa = PBXFileReference; lastKnownFileType = sourcecode.swift; path = ThemePickerView.swift; sourceTree = "<group>"; };
		7256E6B92527821F00DA0608 /* Theme.swift */ = {isa = PBXFileReference; lastKnownFileType = sourcecode.swift; path = Theme.swift; sourceTree = "<group>"; };
		72579443256B05DD00B56656 /* ShakeViewAnimator.swift */ = {isa = PBXFileReference; lastKnownFileType = sourcecode.swift; path = ShakeViewAnimator.swift; sourceTree = "<group>"; };
		72579445256B084E00B56656 /* IViewAnimator.swift */ = {isa = PBXFileReference; lastKnownFileType = sourcecode.swift; path = IViewAnimator.swift; sourceTree = "<group>"; };
		725B0F582566388B00B718E0 /* NetworkManager.swift */ = {isa = PBXFileReference; lastKnownFileType = sourcecode.swift; path = NetworkManager.swift; sourceTree = "<group>"; };
		725B0F6125663BBC00B718E0 /* IParser.swift */ = {isa = PBXFileReference; lastKnownFileType = sourcecode.swift; path = IParser.swift; sourceTree = "<group>"; };
		725B0F6325663CA000B718E0 /* IRequest.swift */ = {isa = PBXFileReference; lastKnownFileType = sourcecode.swift; path = IRequest.swift; sourceTree = "<group>"; };
		725B0F652566BB6900B718E0 /* PixabayService.swift */ = {isa = PBXFileReference; lastKnownFileType = sourcecode.swift; path = PixabayService.swift; sourceTree = "<group>"; };
		725B0F672566BDDF00B718E0 /* BaseCodableParser.swift */ = {isa = PBXFileReference; lastKnownFileType = sourcecode.swift; path = BaseCodableParser.swift; sourceTree = "<group>"; };
		725B0F692566CD7F00B718E0 /* PixabayResponse.swift */ = {isa = PBXFileReference; lastKnownFileType = sourcecode.swift; path = PixabayResponse.swift; sourceTree = "<group>"; };
		725B0F6B2566CDFF00B718E0 /* PixabayImage.swift */ = {isa = PBXFileReference; lastKnownFileType = sourcecode.swift; path = PixabayImage.swift; sourceTree = "<group>"; };
		726DCECC25700E010025C76A /* IWindowAnimator.swift */ = {isa = PBXFileReference; lastKnownFileType = sourcecode.swift; path = IWindowAnimator.swift; sourceTree = "<group>"; };
		7276ABEA250E67510017245A /* Messenger.app */ = {isa = PBXFileReference; explicitFileType = wrapper.application; includeInIndex = 0; path = Messenger.app; sourceTree = BUILT_PRODUCTS_DIR; };
		7276ABED250E67510017245A /* AppDelegate.swift */ = {isa = PBXFileReference; lastKnownFileType = sourcecode.swift; path = AppDelegate.swift; sourceTree = "<group>"; };
		7276ABF1250E67510017245A /* ProfileViewController.swift */ = {isa = PBXFileReference; lastKnownFileType = sourcecode.swift; path = ProfileViewController.swift; sourceTree = "<group>"; };
		7276ABF4250E67510017245A /* Base */ = {isa = PBXFileReference; lastKnownFileType = file.storyboard; name = Base; path = Base.lproj/Profile.storyboard; sourceTree = "<group>"; };
		7276ABF6250E67520017245A /* Assets.xcassets */ = {isa = PBXFileReference; lastKnownFileType = folder.assetcatalog; path = Assets.xcassets; sourceTree = "<group>"; };
		7276ABF9250E67520017245A /* Base */ = {isa = PBXFileReference; lastKnownFileType = file.storyboard; name = Base; path = Base.lproj/LaunchScreen.storyboard; sourceTree = "<group>"; };
		7276ABFB250E67520017245A /* Info.plist */ = {isa = PBXFileReference; lastKnownFileType = text.plist.xml; path = Info.plist; sourceTree = "<group>"; };
		7276AC04250E81DF0017245A /* Logger.swift */ = {isa = PBXFileReference; lastKnownFileType = sourcecode.swift; path = Logger.swift; sourceTree = "<group>"; };
		727AD2AD256F83D500C1BFE2 /* IPopAnimatableViewController.swift */ = {isa = PBXFileReference; lastKnownFileType = sourcecode.swift; path = IPopAnimatableViewController.swift; sourceTree = "<group>"; };
		72924C342558444D008944E8 /* IUserDataProvider.swift */ = {isa = PBXFileReference; lastKnownFileType = sourcecode.swift; path = IUserDataProvider.swift; sourceTree = "<group>"; };
		72924C3B25584DE1008944E8 /* DataManager.swift */ = {isa = PBXFileReference; lastKnownFileType = sourcecode.swift; path = DataManager.swift; sourceTree = "<group>"; };
		72924C3F25588997008944E8 /* ICoreDataManager.swift */ = {isa = PBXFileReference; lastKnownFileType = sourcecode.swift; path = ICoreDataManager.swift; sourceTree = "<group>"; };
		7293C6D02536594E0081BA1C /* IDataManager.swift */ = {isa = PBXFileReference; lastKnownFileType = sourcecode.swift; path = IDataManager.swift; sourceTree = "<group>"; };
		7293C6D325365BAE0081BA1C /* GCDUserDataProvider.swift */ = {isa = PBXFileReference; lastKnownFileType = sourcecode.swift; path = GCDUserDataProvider.swift; sourceTree = "<group>"; };
		7293C6D625365BD90081BA1C /* OperationUserDataProvider.swift */ = {isa = PBXFileReference; lastKnownFileType = sourcecode.swift; path = OperationUserDataProvider.swift; sourceTree = "<group>"; };
		7293C6D925365E1E0081BA1C /* UserModel.swift */ = {isa = PBXFileReference; lastKnownFileType = sourcecode.swift; path = UserModel.swift; sourceTree = "<group>"; };
		7293C6DD25375E6D0081BA1C /* FileManager+Operations.swift */ = {isa = PBXFileReference; lastKnownFileType = sourcecode.swift; path = "FileManager+Operations.swift"; sourceTree = "<group>"; };
		7293C6E22537624E0081BA1C /* Constants.swift */ = {isa = PBXFileReference; lastKnownFileType = sourcecode.swift; path = Constants.swift; sourceTree = "<group>"; };
		7293C6E82537A38A0081BA1C /* UIImage+Comparer.swift */ = {isa = PBXFileReference; lastKnownFileType = sourcecode.swift; path = "UIImage+Comparer.swift"; sourceTree = "<group>"; };
		7295F4012549C7E400937444 /* CoreDataManager.swift */ = {isa = PBXFileReference; lastKnownFileType = sourcecode.swift; path = CoreDataManager.swift; sourceTree = "<group>"; };
		72993A62255C5813008EBC4B /* IThemeService.swift */ = {isa = PBXFileReference; lastKnownFileType = sourcecode.swift; path = IThemeService.swift; sourceTree = "<group>"; };
		729E44E52521FA7F004CE520 /* ConversationViewController.swift */ = {isa = PBXFileReference; lastKnownFileType = sourcecode.swift; path = ConversationViewController.swift; sourceTree = "<group>"; };
		729E44E92521FD6B004CE520 /* MessageCell.swift */ = {isa = PBXFileReference; lastKnownFileType = sourcecode.swift; path = MessageCell.swift; sourceTree = "<group>"; };
		729E44EC252201F2004CE520 /* MessageModel.swift */ = {isa = PBXFileReference; lastKnownFileType = sourcecode.swift; path = MessageModel.swift; sourceTree = "<group>"; };
		72A1757D2534DC9100D4D81D /* TextViewDelegate.swift */ = {isa = PBXFileReference; lastKnownFileType = sourcecode.swift; path = TextViewDelegate.swift; sourceTree = "<group>"; };
		72A175812534DDD200D4D81D /* AccessHelper.swift */ = {isa = PBXFileReference; lastKnownFileType = sourcecode.swift; path = AccessHelper.swift; sourceTree = "<group>"; };
		72A175842534E2AC00D4D81D /* ImagePickerDelegate.swift */ = {isa = PBXFileReference; lastKnownFileType = sourcecode.swift; path = ImagePickerDelegate.swift; sourceTree = "<group>"; };
		72A9B450255329ED00F5FCA8 /* AlertHelper.swift */ = {isa = PBXFileReference; lastKnownFileType = sourcecode.swift; path = AlertHelper.swift; sourceTree = "<group>"; };
		72AF92C7252934DB00335DF4 /* BaseNavigationController.swift */ = {isa = PBXFileReference; lastKnownFileType = sourcecode.swift; path = BaseNavigationController.swift; sourceTree = "<group>"; };
		72B94AB5256FD2D10019D6DD /* ParticlesAnimator.swift */ = {isa = PBXFileReference; lastKnownFileType = sourcecode.swift; path = ParticlesAnimator.swift; sourceTree = "<group>"; };
		72B94AB7257003570019D6DD /* AnimatedWindow.swift */ = {isa = PBXFileReference; lastKnownFileType = sourcecode.swift; path = AnimatedWindow.swift; sourceTree = "<group>"; };
		72DAD5FE250F4489008C8762 /* UIApplication.State+description.swift */ = {isa = PBXFileReference; lastKnownFileType = sourcecode.swift; path = "UIApplication.State+description.swift"; sourceTree = "<group>"; };
		72EAD6F9251D10E2003DC6E4 /* ProfileImageView.swift */ = {isa = PBXFileReference; lastKnownFileType = sourcecode.swift; path = ProfileImageView.swift; sourceTree = "<group>"; };
		72EAD6FE251D11B0003DC6E4 /* User.swift */ = {isa = PBXFileReference; lastKnownFileType = sourcecode.swift; path = User.swift; sourceTree = "<group>"; };
		72EAD703251D392F003DC6E4 /* ConversationsListViewController.swift */ = {isa = PBXFileReference; lastKnownFileType = sourcecode.swift; path = ConversationsListViewController.swift; sourceTree = "<group>"; };
		72EAD70F251DC3D0003DC6E4 /* ConversationListTableViewCell.swift */ = {isa = PBXFileReference; lastKnownFileType = sourcecode.swift; path = ConversationListTableViewCell.swift; sourceTree = "<group>"; };
		72EAD715251DD0A5003DC6E4 /* IConfigurableView.swift */ = {isa = PBXFileReference; lastKnownFileType = sourcecode.swift; path = IConfigurableView.swift; sourceTree = "<group>"; };
		72EFC8CE255C7921004D128A /* ChannelModel.swift */ = {isa = PBXFileReference; lastKnownFileType = sourcecode.swift; path = ChannelModel.swift; sourceTree = "<group>"; };
		72EFC8D0255C7A17004D128A /* Repository.swift */ = {isa = PBXFileReference; lastKnownFileType = sourcecode.swift; path = Repository.swift; sourceTree = "<group>"; };
		72EFC8D4255C87E0004D128A /* IChannelsRepository.swift */ = {isa = PBXFileReference; lastKnownFileType = sourcecode.swift; path = IChannelsRepository.swift; sourceTree = "<group>"; };
		72EFC8D7255C888C004D128A /* ChannelsRepository.swift */ = {isa = PBXFileReference; lastKnownFileType = sourcecode.swift; path = ChannelsRepository.swift; sourceTree = "<group>"; };
		72EFC8D9255C8DEB004D128A /* IMessagesRepository.swift */ = {isa = PBXFileReference; lastKnownFileType = sourcecode.swift; path = IMessagesRepository.swift; sourceTree = "<group>"; };
		72EFC8DD255C8EE3004D128A /* MessagesRepository.swift */ = {isa = PBXFileReference; lastKnownFileType = sourcecode.swift; path = MessagesRepository.swift; sourceTree = "<group>"; };
		72EFC8E4255DA33E004D128A /* ILogger.swift */ = {isa = PBXFileReference; lastKnownFileType = sourcecode.swift; path = ILogger.swift; sourceTree = "<group>"; };
		72EFC8E6255DA8E9004D128A /* ILoggerService.swift */ = {isa = PBXFileReference; lastKnownFileType = sourcecode.swift; path = ILoggerService.swift; sourceTree = "<group>"; };
		72EFC8E8255DA900004D128A /* LoggerService.swift */ = {isa = PBXFileReference; lastKnownFileType = sourcecode.swift; path = LoggerService.swift; sourceTree = "<group>"; };
		72EFC8EA255DB13E004D128A /* MessageCellModel.swift */ = {isa = PBXFileReference; lastKnownFileType = sourcecode.swift; path = MessageCellModel.swift; sourceTree = "<group>"; };
		72EFC8EC255DB321004D128A /* ConversationModel.swift */ = {isa = PBXFileReference; lastKnownFileType = sourcecode.swift; path = ConversationModel.swift; sourceTree = "<group>"; };
		72EFC8EE255DB474004D128A /* ConversationCellModel.swift */ = {isa = PBXFileReference; lastKnownFileType = sourcecode.swift; path = ConversationCellModel.swift; sourceTree = "<group>"; };
		72EFC8F0255DB547004D128A /* ProfileImageModel.swift */ = {isa = PBXFileReference; lastKnownFileType = sourcecode.swift; path = ProfileImageModel.swift; sourceTree = "<group>"; };
		72EFC8F2255DB666004D128A /* ThemeModel.swift */ = {isa = PBXFileReference; lastKnownFileType = sourcecode.swift; path = ThemeModel.swift; sourceTree = "<group>"; };
		72EFC8F4255DBD37004D128A /* SendMessageModel.swift */ = {isa = PBXFileReference; lastKnownFileType = sourcecode.swift; path = SendMessageModel.swift; sourceTree = "<group>"; };
		72EFC8F6255DC073004D128A /* ConversationsListTableViewDelegate.swift */ = {isa = PBXFileReference; lastKnownFileType = sourcecode.swift; path = ConversationsListTableViewDelegate.swift; sourceTree = "<group>"; };
		72EFC8FA255DC3A5004D128A /* ConversationsListTableViewDataSource.swift */ = {isa = PBXFileReference; lastKnownFileType = sourcecode.swift; path = ConversationsListTableViewDataSource.swift; sourceTree = "<group>"; };
		72EFC8FE255DC72E004D128A /* ConversationTableViewDataSource.swift */ = {isa = PBXFileReference; lastKnownFileType = sourcecode.swift; path = ConversationTableViewDataSource.swift; sourceTree = "<group>"; };
		72F69F41251E82FF00FCC09B /* Date+Formatter.swift */ = {isa = PBXFileReference; lastKnownFileType = sourcecode.swift; path = "Date+Formatter.swift"; sourceTree = "<group>"; };
		72F69F4425210EB700FCC09B /* Appearance.swift */ = {isa = PBXFileReference; lastKnownFileType = sourcecode.swift; path = Appearance.swift; sourceTree = "<group>"; };
		72F79DD62545E2E500F4E6AC /* Сhat.xcdatamodel */ = {isa = PBXFileReference; lastKnownFileType = wrapper.xcdatamodel; path = "Сhat.xcdatamodel"; sourceTree = "<group>"; };
		72FF172C2521DC6B00B60547 /* IConversationsDataProvider.swift */ = {isa = PBXFileReference; lastKnownFileType = sourcecode.swift; path = IConversationsDataProvider.swift; sourceTree = "<group>"; };
/* End PBXFileReference section */

/* Begin PBXFrameworksBuildPhase section */
		72331E562576AC3B006F14C0 /* Frameworks */ = {
			isa = PBXFrameworksBuildPhase;
			buildActionMask = 2147483647;
			files = (
				BC78D14696444B4430C1D3BC /* Pods_MessengerTests.framework in Frameworks */,
			);
			runOnlyForDeploymentPostprocessing = 0;
		};
		7276ABE7250E67510017245A /* Frameworks */ = {
			isa = PBXFrameworksBuildPhase;
			buildActionMask = 2147483647;
			files = (
				57519E203F217CD03346D6B4 /* Pods_TinkoffFintechMessenger.framework in Frameworks */,
			);
			runOnlyForDeploymentPostprocessing = 0;
		};
/* End PBXFrameworksBuildPhase section */

/* Begin PBXGroup section */
		722119E72565627600EBE32B /* NetworkImages */ = {
			isa = PBXGroup;
			children = (
				722119E82565629700EBE32B /* Model */,
				722119E92565629D00EBE32B /* View */,
				722119EA256562A100EBE32B /* Controller */,
			);
			path = NetworkImages;
			sourceTree = "<group>";
		};
		722119E82565629700EBE32B /* Model */ = {
			isa = PBXGroup;
			children = (
				722119F32565C34A00EBE32B /* NetworkImageCellModel.swift */,
			);
			path = Model;
			sourceTree = "<group>";
		};
		722119E92565629D00EBE32B /* View */ = {
			isa = PBXGroup;
			children = (
				722119F12565655200EBE32B /* NetworkImageCell.swift */,
			);
			path = View;
			sourceTree = "<group>";
		};
		722119EA256562A100EBE32B /* Controller */ = {
			isa = PBXGroup;
			children = (
				722119EB2565630000EBE32B /* NetworkImagesViewController.swift */,
				722119ED2565639B00EBE32B /* NetworkImagesColelctionViewDataSource.swift */,
				722119EF2565644B00EBE32B /* NetworkImagesCollectionViewDelegate.swift */,
			);
			path = Controller;
			sourceTree = "<group>";
		};
		722EB0572549D3ED00C37106 /* ObjectsExtensions */ = {
			isa = PBXGroup;
			children = (
				722EB0582549D42500C37106 /* Channel_db+Init.swift */,
				722EB05A2549D66300C37106 /* Message_db+Init.swift */,
			);
			path = ObjectsExtensions;
			sourceTree = "<group>";
		};
		72331E5A2576AC3B006F14C0 /* MessengerTests */ = {
			isa = PBXGroup;
			children = (
				72331E6A2577E9E6006F14C0 /* ServiceLayerTests */,
				72331E5D2576AC3B006F14C0 /* Info.plist */,
				72331E6B2577E9EE006F14C0 /* Mocks */,
			);
			path = MessengerTests;
			sourceTree = "<group>";
		};
		72331E6A2577E9E6006F14C0 /* ServiceLayerTests */ = {
			isa = PBXGroup;
			children = (
				72331E5B2576AC3B006F14C0 /* GCDDataManagerTests.swift */,
				72331E682577E9B9006F14C0 /* FirestoreDataProviderTests.swift */,
			);
			path = ServiceLayerTests;
			sourceTree = "<group>";
		};
		72331E6B2577E9EE006F14C0 /* Mocks */ = {
			isa = PBXGroup;
			children = (
				72331E6D2577EA5C006F14C0 /* ServiceLayerMocks */,
				72331E6C2577E9FD006F14C0 /* CoreLayerMocks */,
			);
			path = Mocks;
			sourceTree = "<group>";
		};
		72331E6C2577E9FD006F14C0 /* CoreLayerMocks */ = {
			isa = PBXGroup;
			children = (
				72331E632576ADBB006F14C0 /* DataManagerMock.swift */,
				72331E702577EC04006F14C0 /* ConversationNetworkManagerMock.swift */,
				72331E722577EE61006F14C0 /* CoreDataManagerMock.swift */,
			);
			path = CoreLayerMocks;
			sourceTree = "<group>";
		};
		72331E6D2577EA5C006F14C0 /* ServiceLayerMocks */ = {
			isa = PBXGroup;
			children = (
				72331E6E2577EA7D006F14C0 /* UserDataProviderMock.swift */,
			);
			path = ServiceLayerMocks;
			sourceTree = "<group>";
		};
		72377D49256D7ECC003DB019 /* Animators */ = {
			isa = PBXGroup;
			children = (
				72B94AB7257003570019D6DD /* AnimatedWindow.swift */,
				72579443256B05DD00B56656 /* ShakeViewAnimator.swift */,
				72377D4A256D81B8003DB019 /* PopVCAnimator.swift */,
				72B94AB5256FD2D10019D6DD /* ParticlesAnimator.swift */,
			);
			path = Animators;
			sourceTree = "<group>";
		};
		723E18952557039400085D21 /* PresentationLayer */ = {
			isa = PBXGroup;
			children = (
				723E189A2557044900085D21 /* Assembly */,
				723E1898255703F000085D21 /* Modules */,
			);
			path = PresentationLayer;
			sourceTree = "<group>";
		};
		723E1896255703C500085D21 /* ServiceLayer */ = {
			isa = PBXGroup;
			children = (
				723E189B2557045500085D21 /* Assembly */,
				72F69F4825213C8C00FCC09B /* Services */,
				72EFC8E3255C9467004D128A /* Models */,
			);
			path = ServiceLayer;
			sourceTree = "<group>";
		};
		723E1897255703CF00085D21 /* CoreLayer */ = {
			isa = PBXGroup;
			children = (
				723E189C2557046000085D21 /* Assembly */,
				72F79DD42545E2C400F4E6AC /* CoreData */,
				72A175802534DDC700D4D81D /* Managers */,
				725B0F5B25663B5C00B718E0 /* Network */,
				72EFC8E2255C92FC004D128A /* Models */,
			);
			path = CoreLayer;
			sourceTree = "<group>";
		};
		723E1898255703F000085D21 /* Modules */ = {
			isa = PBXGroup;
			children = (
				723E18A6255709AC00085D21 /* Common */,
				723E18A22557086700085D21 /* Conversation */,
				723E18A12557082700085D21 /* ConversationList */,
				723E189D2557079400085D21 /* Profile */,
				7256E6B0252684B300DA0608 /* Themes */,
				722119E72565627600EBE32B /* NetworkImages */,
			);
			path = Modules;
			sourceTree = "<group>";
		};
		723E189A2557044900085D21 /* Assembly */ = {
			isa = PBXGroup;
			children = (
				723E18A92557167D00085D21 /* IPresentationAssembly.swift */,
				723E18AF255716C600085D21 /* PresentationAssembly.swift */,
			);
			path = Assembly;
			sourceTree = "<group>";
		};
		723E189B2557045500085D21 /* Assembly */ = {
			isa = PBXGroup;
			children = (
				723E18AB2557169F00085D21 /* IServicesAssembly.swift */,
				723E18B12557170800085D21 /* ServicesAssembly.swift */,
			);
			path = Assembly;
			sourceTree = "<group>";
		};
		723E189C2557046000085D21 /* Assembly */ = {
			isa = PBXGroup;
			children = (
				723E18AD255716AB00085D21 /* ICoreAssembly.swift */,
				723E18B32557173E00085D21 /* CoreAssembly.swift */,
			);
			path = Assembly;
			sourceTree = "<group>";
		};
		723E189D2557079400085D21 /* Profile */ = {
			isa = PBXGroup;
			children = (
				723E18A0255707AC00085D21 /* Model */,
				723E189F255707A900085D21 /* View */,
				723E189E255707A200085D21 /* Controller */,
				72924C2F25581C69008944E8 /* Delegates */,
			);
			path = Profile;
			sourceTree = "<group>";
		};
		723E189E255707A200085D21 /* Controller */ = {
			isa = PBXGroup;
			children = (
				7276ABF1250E67510017245A /* ProfileViewController.swift */,
			);
			path = Controller;
			sourceTree = "<group>";
		};
		723E189F255707A900085D21 /* View */ = {
			isa = PBXGroup;
			children = (
				7276ABF3250E67510017245A /* Profile.storyboard */,
				72EAD6F9251D10E2003DC6E4 /* ProfileImageView.swift */,
			);
			path = View;
			sourceTree = "<group>";
		};
		723E18A0255707AC00085D21 /* Model */ = {
			isa = PBXGroup;
			children = (
				72EFC8F0255DB547004D128A /* ProfileImageModel.swift */,
			);
			path = Model;
			sourceTree = "<group>";
		};
		723E18A12557082700085D21 /* ConversationList */ = {
			isa = PBXGroup;
			children = (
				72BF384C2534DB3D00FFDE1D /* Model */,
				72EAD70E251DC3BA003DC6E4 /* View */,
				72EAD702251D3920003DC6E4 /* Controller */,
			);
			path = ConversationList;
			sourceTree = "<group>";
		};
		723E18A22557086700085D21 /* Conversation */ = {
			isa = PBXGroup;
			children = (
				72BF384B2534DB1E00FFDE1D /* Model */,
				729E44E42521FA51004CE520 /* View */,
				729E44E32521FA4A004CE520 /* Controller */,
			);
			path = Conversation;
			sourceTree = "<group>";
		};
		723E18A5255708AE00085D21 /* Controller */ = {
			isa = PBXGroup;
			children = (
				7256E6B22527808300DA0608 /* ThemesViewController.swift */,
			);
			path = Controller;
			sourceTree = "<group>";
		};
		723E18A6255709AC00085D21 /* Common */ = {
			isa = PBXGroup;
			children = (
				72377D49256D7ECC003DB019 /* Animators */,
				72924C312558266D008944E8 /* Helpers */,
				72924C2D25581C30008944E8 /* Contracts */,
				72924C2E25581C3A008944E8 /* Controller */,
			);
			path = Common;
			sourceTree = "<group>";
		};
		7256E6B0252684B300DA0608 /* Themes */ = {
			isa = PBXGroup;
			children = (
				72BF384A2534DB1000FFDE1D /* Model */,
				7256E6B1252684D000DA0608 /* View */,
				723E18A5255708AE00085D21 /* Controller */,
			);
			path = Themes;
			sourceTree = "<group>";
		};
		7256E6B1252684D000DA0608 /* View */ = {
			isa = PBXGroup;
			children = (
				7256E6B62527821200DA0608 /* ThemePickerView.swift */,
			);
			path = View;
			sourceTree = "<group>";
		};
		725B0F5B25663B5C00B718E0 /* Network */ = {
			isa = PBXGroup;
			children = (
				725B0F5D25663B7500B718E0 /* Requests */,
				725B0F5C25663B6600B718E0 /* Parsers */,
			);
			path = Network;
			sourceTree = "<group>";
		};
		725B0F5C25663B6600B718E0 /* Parsers */ = {
			isa = PBXGroup;
			children = (
				725B0F6125663BBC00B718E0 /* IParser.swift */,
				725B0F672566BDDF00B718E0 /* BaseCodableParser.swift */,
				72202ACE2566F925006B4BBA /* DataParser.swift */,
			);
			path = Parsers;
			sourceTree = "<group>";
		};
		725B0F5D25663B7500B718E0 /* Requests */ = {
			isa = PBXGroup;
			children = (
				725B0F6325663CA000B718E0 /* IRequest.swift */,
				72202AC42566F111006B4BBA /* Request.swift */,
			);
			path = Requests;
			sourceTree = "<group>";
		};
		7276ABE1250E67510017245A = {
			isa = PBXGroup;
			children = (
				7276ABEC250E67510017245A /* TinkoffFintechMessenger */,
				7240BEEA253B28A200C00BB9 /* .swiftlint.yml */,
				72331E5A2576AC3B006F14C0 /* MessengerTests */,
				7276ABEB250E67510017245A /* Products */,
				9C3E90073EAF3239864F9EC3 /* Pods */,
				A46A0D01D1F2CC60CB3C3D79 /* Frameworks */,
			);
			sourceTree = "<group>";
		};
		7276ABEB250E67510017245A /* Products */ = {
			isa = PBXGroup;
			children = (
				7276ABEA250E67510017245A /* Messenger.app */,
				72331E592576AC3B006F14C0 /* MessengerTests.xctest */,
			);
			name = Products;
			sourceTree = "<group>";
		};
		7276ABEC250E67510017245A /* TinkoffFintechMessenger */ = {
			isa = PBXGroup;
			children = (
				723E18952557039400085D21 /* PresentationLayer */,
				723E1896255703C500085D21 /* ServiceLayer */,
				723E1897255703CF00085D21 /* CoreLayer */,
				7276AC01250E74AB0017245A /* SupportingFiles */,
			);
			path = TinkoffFintechMessenger;
			sourceTree = "<group>";
		};
		7276AC01250E74AB0017245A /* SupportingFiles */ = {
			isa = PBXGroup;
			children = (
				7276ABED250E67510017245A /* AppDelegate.swift */,
				7276ABF6250E67520017245A /* Assets.xcassets */,
				7293C6E22537624E0081BA1C /* Constants.swift */,
				72DAD5FD250F445F008C8762 /* Extensions */,
				7240BEEC253B28CA00C00BB9 /* GoogleService-Info.plist */,
				7276ABFB250E67520017245A /* Info.plist */,
				7276ABF8250E67520017245A /* LaunchScreen.storyboard */,
				723E18A72557165900085D21 /* RootAssembly.swift */,
			);
			path = SupportingFiles;
			sourceTree = "<group>";
		};
		72924C2D25581C30008944E8 /* Contracts */ = {
			isa = PBXGroup;
			children = (
				72EAD715251DD0A5003DC6E4 /* IConfigurableView.swift */,
				72579445256B084E00B56656 /* IViewAnimator.swift */,
				72377D4C256D86A0003DB019 /* IViewControllerAnimator.swift */,
				727AD2AD256F83D500C1BFE2 /* IPopAnimatableViewController.swift */,
				726DCECC25700E010025C76A /* IWindowAnimator.swift */,
			);
			path = Contracts;
			sourceTree = "<group>";
		};
		72924C2E25581C3A008944E8 /* Controller */ = {
			isa = PBXGroup;
			children = (
				72AF92C7252934DB00335DF4 /* BaseNavigationController.swift */,
			);
			path = Controller;
			sourceTree = "<group>";
		};
		72924C2F25581C69008944E8 /* Delegates */ = {
			isa = PBXGroup;
			children = (
				72A1757D2534DC9100D4D81D /* TextViewDelegate.swift */,
				72A175842534E2AC00D4D81D /* ImagePickerDelegate.swift */,
			);
			path = Delegates;
			sourceTree = "<group>";
		};
		72924C312558266D008944E8 /* Helpers */ = {
			isa = PBXGroup;
			children = (
				72A9B450255329ED00F5FCA8 /* AlertHelper.swift */,
				72A175812534DDD200D4D81D /* AccessHelper.swift */,
			);
			path = Helpers;
			sourceTree = "<group>";
		};
		7293C6CE253654710081BA1C /* Contracts */ = {
			isa = PBXGroup;
			children = (
				72924C3F25588997008944E8 /* ICoreDataManager.swift */,
				7293C6D02536594E0081BA1C /* IDataManager.swift */,
				7240BEFA253B484500C00BB9 /* IConversationNetworkManager.swift */,
				72EFC8E4255DA33E004D128A /* ILogger.swift */,
				72202AC82566F51E006B4BBA /* INetworkManager.swift */,
			);
			path = Contracts;
			sourceTree = "<group>";
		};
		729E44E32521FA4A004CE520 /* Controller */ = {
			isa = PBXGroup;
			children = (
				729E44E52521FA7F004CE520 /* ConversationViewController.swift */,
				72EFC8FE255DC72E004D128A /* ConversationTableViewDataSource.swift */,
			);
			path = Controller;
			sourceTree = "<group>";
		};
		729E44E42521FA51004CE520 /* View */ = {
			isa = PBXGroup;
			children = (
				729E44E92521FD6B004CE520 /* MessageCell.swift */,
				7240BF04253CBC5700C00BB9 /* SendMessageView.swift */,
			);
			path = View;
			sourceTree = "<group>";
		};
		72A175802534DDC700D4D81D /* Managers */ = {
			isa = PBXGroup;
			children = (
				7293C6CE253654710081BA1C /* Contracts */,
				7240BEFC253B48F500C00BB9 /* FirestoreNetworkManager.swift */,
				72924C3B25584DE1008944E8 /* DataManager.swift */,
				7276AC04250E81DF0017245A /* Logger.swift */,
				725B0F582566388B00B718E0 /* NetworkManager.swift */,
			);
			path = Managers;
			sourceTree = "<group>";
		};
		72BF384A2534DB1000FFDE1D /* Model */ = {
			isa = PBXGroup;
			children = (
				72EFC8F2255DB666004D128A /* ThemeModel.swift */,
			);
			path = Model;
			sourceTree = "<group>";
		};
		72BF384B2534DB1E00FFDE1D /* Model */ = {
			isa = PBXGroup;
			children = (
				72EFC8EA255DB13E004D128A /* MessageCellModel.swift */,
				72EFC8EC255DB321004D128A /* ConversationModel.swift */,
				72EFC8F4255DBD37004D128A /* SendMessageModel.swift */,
			);
			path = Model;
			sourceTree = "<group>";
		};
		72BF384C2534DB3D00FFDE1D /* Model */ = {
			isa = PBXGroup;
			children = (
				72EFC8EE255DB474004D128A /* ConversationCellModel.swift */,
			);
			path = Model;
			sourceTree = "<group>";
		};
		72DAD5FD250F445F008C8762 /* Extensions */ = {
			isa = PBXGroup;
			children = (
				7293C6DD25375E6D0081BA1C /* FileManager+Operations.swift */,
				72DAD5FE250F4489008C8762 /* UIApplication.State+description.swift */,
				6DD805D4251151910070594D /* UIViewController+State.swift */,
				72F69F41251E82FF00FCC09B /* Date+Formatter.swift */,
				7293C6E82537A38A0081BA1C /* UIImage+Comparer.swift */,
				7240BF00253CB55500C00BB9 /* String+Content.swift */,
			);
			path = Extensions;
			sourceTree = "<group>";
		};
		72EAD702251D3920003DC6E4 /* Controller */ = {
			isa = PBXGroup;
			children = (
				72EAD703251D392F003DC6E4 /* ConversationsListViewController.swift */,
				7240BF02253CB70C00C00BB9 /* CreateChannelAlertController.swift */,
				72EFC8F6255DC073004D128A /* ConversationsListTableViewDelegate.swift */,
				72EFC8FA255DC3A5004D128A /* ConversationsListTableViewDataSource.swift */,
			);
			path = Controller;
			sourceTree = "<group>";
		};
		72EAD70E251DC3BA003DC6E4 /* View */ = {
			isa = PBXGroup;
			children = (
				72EAD70F251DC3D0003DC6E4 /* ConversationListTableViewCell.swift */,
				7240BEFE253CA15D00C00BB9 /* ConversationListTableViewHeader.swift */,
			);
			path = View;
			sourceTree = "<group>";
		};
		72EFC8E2255C92FC004D128A /* Models */ = {
			isa = PBXGroup;
			children = (
				7240BEED253B2CFD00C00BB9 /* Message.swift */,
				7240BEEF253B2D2800C00BB9 /* Channel.swift */,
				72EAD6FE251D11B0003DC6E4 /* User.swift */,
				725B0F692566CD7F00B718E0 /* PixabayResponse.swift */,
				725B0F6B2566CDFF00B718E0 /* PixabayImage.swift */,
			);
			path = Models;
			sourceTree = "<group>";
		};
		72EFC8E3255C9467004D128A /* Models */ = {
			isa = PBXGroup;
			children = (
				7256E6B92527821F00DA0608 /* Theme.swift */,
				729E44EC252201F2004CE520 /* MessageModel.swift */,
				72EFC8CE255C7921004D128A /* ChannelModel.swift */,
				7293C6D925365E1E0081BA1C /* UserModel.swift */,
				72202ACC2566F7F6006B4BBA /* ImageModel.swift */,
			);
			path = Models;
			sourceTree = "<group>";
		};
		72F69F4825213C8C00FCC09B /* Services */ = {
			isa = PBXGroup;
			children = (
				72FF17262521455B00B60547 /* Contracts */,
				72F69F4425210EB700FCC09B /* Appearance.swift */,
				7240BEF6253B469A00C00BB9 /* FirestoreDataProvider.swift */,
				7293C6D325365BAE0081BA1C /* GCDUserDataProvider.swift */,
				7293C6D625365BD90081BA1C /* OperationUserDataProvider.swift */,
				72EFC8D0255C7A17004D128A /* Repository.swift */,
				72EFC8D7255C888C004D128A /* ChannelsRepository.swift */,
				72EFC8DD255C8EE3004D128A /* MessagesRepository.swift */,
				72EFC8E8255DA900004D128A /* LoggerService.swift */,
				725B0F652566BB6900B718E0 /* PixabayService.swift */,
				72202AC62566F165006B4BBA /* RequestFactory.swift */,
			);
			path = Services;
			sourceTree = "<group>";
		};
		72F79DD42545E2C400F4E6AC /* CoreData */ = {
			isa = PBXGroup;
			children = (
				722EB0572549D3ED00C37106 /* ObjectsExtensions */,
				7295F4012549C7E400937444 /* CoreDataManager.swift */,
				72F79DD52545E2E500F4E6AC /* Chat.xcdatamodeld */,
			);
			path = CoreData;
			sourceTree = "<group>";
		};
		72FF17262521455B00B60547 /* Contracts */ = {
			isa = PBXGroup;
			children = (
				72FF172C2521DC6B00B60547 /* IConversationsDataProvider.swift */,
				72924C342558444D008944E8 /* IUserDataProvider.swift */,
				72993A62255C5813008EBC4B /* IThemeService.swift */,
				72EFC8D4255C87E0004D128A /* IChannelsRepository.swift */,
				72EFC8D9255C8DEB004D128A /* IMessagesRepository.swift */,
				72EFC8E6255DA8E9004D128A /* ILoggerService.swift */,
				72202ACA2566F770006B4BBA /* IImagesService.swift */,
			);
			path = Contracts;
			sourceTree = "<group>";
		};
		9C3E90073EAF3239864F9EC3 /* Pods */ = {
			isa = PBXGroup;
			children = (
				5786F2FF9963D4A506F1D523 /* Pods-TinkoffFintechMessenger.debug.xcconfig */,
				6F5C6EBCC32D1CACA43E7F81 /* Pods-TinkoffFintechMessenger.release.xcconfig */,
				0622A5317C62B6E7D4A5457C /* Pods-MessengerTests.debug.xcconfig */,
				1FD8756D697DB36E462A9513 /* Pods-MessengerTests.release.xcconfig */,
			);
			path = Pods;
			sourceTree = "<group>";
		};
		A46A0D01D1F2CC60CB3C3D79 /* Frameworks */ = {
			isa = PBXGroup;
			children = (
				23A375116B19233D65668473 /* Pods_TinkoffFintechMessenger.framework */,
				6F8827AE05ED237709E987B1 /* Pods_MessengerTests.framework */,
			);
			name = Frameworks;
			sourceTree = "<group>";
		};
/* End PBXGroup section */

/* Begin PBXNativeTarget section */
		72331E582576AC3B006F14C0 /* MessengerTests */ = {
			isa = PBXNativeTarget;
			buildConfigurationList = 72331E622576AC3B006F14C0 /* Build configuration list for PBXNativeTarget "MessengerTests" */;
			buildPhases = (
				3F81246C4DB3A8AEC939781D /* [CP] Check Pods Manifest.lock */,
				72331E552576AC3B006F14C0 /* Sources */,
				72331E562576AC3B006F14C0 /* Frameworks */,
				72331E572576AC3B006F14C0 /* Resources */,
			);
			buildRules = (
			);
			dependencies = (
				72331E5F2576AC3B006F14C0 /* PBXTargetDependency */,
			);
			name = MessengerTests;
			productName = MessengerTests;
			productReference = 72331E592576AC3B006F14C0 /* MessengerTests.xctest */;
			productType = "com.apple.product-type.bundle.unit-test";
		};
		7276ABE9250E67510017245A /* TinkoffFintechMessenger */ = {
			isa = PBXNativeTarget;
			buildConfigurationList = 7276ABFE250E67520017245A /* Build configuration list for PBXNativeTarget "TinkoffFintechMessenger" */;
			buildPhases = (
				62EE1EA9E617A3733754E069 /* [CP] Check Pods Manifest.lock */,
				7276ABE6250E67510017245A /* Sources */,
				7276ABE7250E67510017245A /* Frameworks */,
				7276ABE8250E67510017245A /* Resources */,
				6D61E67D8B94255DB6EC2268 /* [CP] Embed Pods Frameworks */,
				7240BEE9253B27E800C00BB9 /* ShellScript */,
			);
			buildRules = (
			);
			dependencies = (
			);
			name = TinkoffFintechMessenger;
			productName = TinkoffFintechMessenger;
			productReference = 7276ABEA250E67510017245A /* Messenger.app */;
			productType = "com.apple.product-type.application";
		};
/* End PBXNativeTarget section */

/* Begin PBXProject section */
		7276ABE2250E67510017245A /* Project object */ = {
			isa = PBXProject;
			attributes = {
				LastSwiftUpdateCheck = 1170;
				LastUpgradeCheck = 1200;
				ORGANIZATIONNAME = "Nikita Gundorin";
				TargetAttributes = {
					72331E582576AC3B006F14C0 = {
						CreatedOnToolsVersion = 11.7;
						TestTargetID = 7276ABE9250E67510017245A;
					};
					7276ABE9250E67510017245A = {
						CreatedOnToolsVersion = 11.7;
					};
				};
			};
			buildConfigurationList = 7276ABE5250E67510017245A /* Build configuration list for PBXProject "TinkoffFintechMessenger" */;
			compatibilityVersion = "Xcode 9.3";
			developmentRegion = en;
			hasScannedForEncodings = 0;
			knownRegions = (
				en,
				Base,
			);
			mainGroup = 7276ABE1250E67510017245A;
			productRefGroup = 7276ABEB250E67510017245A /* Products */;
			projectDirPath = "";
			projectRoot = "";
			targets = (
				7276ABE9250E67510017245A /* TinkoffFintechMessenger */,
				72331E582576AC3B006F14C0 /* MessengerTests */,
			);
		};
/* End PBXProject section */

/* Begin PBXResourcesBuildPhase section */
		72331E572576AC3B006F14C0 /* Resources */ = {
			isa = PBXResourcesBuildPhase;
			buildActionMask = 2147483647;
			files = (
			);
			runOnlyForDeploymentPostprocessing = 0;
		};
		7276ABE8250E67510017245A /* Resources */ = {
			isa = PBXResourcesBuildPhase;
			buildActionMask = 2147483647;
			files = (
				7240BEEB253B28A200C00BB9 /* .swiftlint.yml in Resources */,
				7276ABFA250E67520017245A /* LaunchScreen.storyboard in Resources */,
				72FEC2F7254F62CA0006D8EA /* GoogleService-Info.plist in Resources */,
				7276ABF7250E67520017245A /* Assets.xcassets in Resources */,
				7276ABF5250E67510017245A /* Profile.storyboard in Resources */,
			);
			runOnlyForDeploymentPostprocessing = 0;
		};
/* End PBXResourcesBuildPhase section */

/* Begin PBXShellScriptBuildPhase section */
		3F81246C4DB3A8AEC939781D /* [CP] Check Pods Manifest.lock */ = {
			isa = PBXShellScriptBuildPhase;
			buildActionMask = 2147483647;
			files = (
			);
			inputFileListPaths = (
			);
			inputPaths = (
				"${PODS_PODFILE_DIR_PATH}/Podfile.lock",
				"${PODS_ROOT}/Manifest.lock",
			);
			name = "[CP] Check Pods Manifest.lock";
			outputFileListPaths = (
			);
			outputPaths = (
				"$(DERIVED_FILE_DIR)/Pods-MessengerTests-checkManifestLockResult.txt",
			);
			runOnlyForDeploymentPostprocessing = 0;
			shellPath = /bin/sh;
			shellScript = "diff \"${PODS_PODFILE_DIR_PATH}/Podfile.lock\" \"${PODS_ROOT}/Manifest.lock\" > /dev/null\nif [ $? != 0 ] ; then\n    # print error to STDERR\n    echo \"error: The sandbox is not in sync with the Podfile.lock. Run 'pod install' or update your CocoaPods installation.\" >&2\n    exit 1\nfi\n# This output is used by Xcode 'outputs' to avoid re-running this script phase.\necho \"SUCCESS\" > \"${SCRIPT_OUTPUT_FILE_0}\"\n";
			showEnvVarsInLog = 0;
		};
		62EE1EA9E617A3733754E069 /* [CP] Check Pods Manifest.lock */ = {
			isa = PBXShellScriptBuildPhase;
			buildActionMask = 2147483647;
			files = (
			);
			inputFileListPaths = (
			);
			inputPaths = (
				"${PODS_PODFILE_DIR_PATH}/Podfile.lock",
				"${PODS_ROOT}/Manifest.lock",
			);
			name = "[CP] Check Pods Manifest.lock";
			outputFileListPaths = (
			);
			outputPaths = (
				"$(DERIVED_FILE_DIR)/Pods-TinkoffFintechMessenger-checkManifestLockResult.txt",
			);
			runOnlyForDeploymentPostprocessing = 0;
			shellPath = /bin/sh;
			shellScript = "diff \"${PODS_PODFILE_DIR_PATH}/Podfile.lock\" \"${PODS_ROOT}/Manifest.lock\" > /dev/null\nif [ $? != 0 ] ; then\n    # print error to STDERR\n    echo \"error: The sandbox is not in sync with the Podfile.lock. Run 'pod install' or update your CocoaPods installation.\" >&2\n    exit 1\nfi\n# This output is used by Xcode 'outputs' to avoid re-running this script phase.\necho \"SUCCESS\" > \"${SCRIPT_OUTPUT_FILE_0}\"\n";
			showEnvVarsInLog = 0;
		};
		6D61E67D8B94255DB6EC2268 /* [CP] Embed Pods Frameworks */ = {
			isa = PBXShellScriptBuildPhase;
			buildActionMask = 2147483647;
			files = (
			);
			inputFileListPaths = (
				"${PODS_ROOT}/Target Support Files/Pods-TinkoffFintechMessenger/Pods-TinkoffFintechMessenger-frameworks-${CONFIGURATION}-input-files.xcfilelist",
			);
			name = "[CP] Embed Pods Frameworks";
			outputFileListPaths = (
				"${PODS_ROOT}/Target Support Files/Pods-TinkoffFintechMessenger/Pods-TinkoffFintechMessenger-frameworks-${CONFIGURATION}-output-files.xcfilelist",
			);
			runOnlyForDeploymentPostprocessing = 0;
			shellPath = /bin/sh;
			shellScript = "\"${PODS_ROOT}/Target Support Files/Pods-TinkoffFintechMessenger/Pods-TinkoffFintechMessenger-frameworks.sh\"\n";
			showEnvVarsInLog = 0;
		};
		7240BEE9253B27E800C00BB9 /* ShellScript */ = {
			isa = PBXShellScriptBuildPhase;
			buildActionMask = 2147483647;
			files = (
			);
			inputFileListPaths = (
			);
			inputPaths = (
			);
			outputFileListPaths = (
			);
			outputPaths = (
			);
			runOnlyForDeploymentPostprocessing = 0;
			shellPath = /bin/sh;
			shellScript = "\"${PODS_ROOT}/SwiftLint/swiftlint\"\n";
		};
/* End PBXShellScriptBuildPhase section */

/* Begin PBXSourcesBuildPhase section */
		72331E552576AC3B006F14C0 /* Sources */ = {
			isa = PBXSourcesBuildPhase;
			buildActionMask = 2147483647;
			files = (
				72331E5C2576AC3B006F14C0 /* GCDDataManagerTests.swift in Sources */,
				72331E712577EC04006F14C0 /* ConversationNetworkManagerMock.swift in Sources */,
				72331E692577E9B9006F14C0 /* FirestoreDataProviderTests.swift in Sources */,
				72331E642576ADBB006F14C0 /* DataManagerMock.swift in Sources */,
				72331E732577EE61006F14C0 /* CoreDataManagerMock.swift in Sources */,
				72331E6F2577EA7D006F14C0 /* UserDataProviderMock.swift in Sources */,
			);
			runOnlyForDeploymentPostprocessing = 0;
		};
		7276ABE6250E67510017245A /* Sources */ = {
			isa = PBXSourcesBuildPhase;
			buildActionMask = 2147483647;
			files = (
				7240BEFB253B484500C00BB9 /* IConversationNetworkManager.swift in Sources */,
				7240BF05253CBC5700C00BB9 /* SendMessageView.swift in Sources */,
				72EFC8EB255DB13E004D128A /* MessageCellModel.swift in Sources */,
				72993A63255C5813008EBC4B /* IThemeService.swift in Sources */,
				7293C6D12536594E0081BA1C /* IDataManager.swift in Sources */,
				72EFC8E5255DA33E004D128A /* ILogger.swift in Sources */,
				725B0F592566388B00B718E0 /* NetworkManager.swift in Sources */,
				7293C6E32537624E0081BA1C /* Constants.swift in Sources */,
				72EFC8F3255DB666004D128A /* ThemeModel.swift in Sources */,
				72EFC8F7255DC073004D128A /* ConversationsListTableViewDelegate.swift in Sources */,
				727AD2AE256F83D500C1BFE2 /* IPopAnimatableViewController.swift in Sources */,
				72A175852534E2AC00D4D81D /* ImagePickerDelegate.swift in Sources */,
				72924C352558444D008944E8 /* IUserDataProvider.swift in Sources */,
				72579446256B084E00B56656 /* IViewAnimator.swift in Sources */,
				72EFC8D1255C7A17004D128A /* Repository.swift in Sources */,
				72F79DD72545E2E500F4E6AC /* Chat.xcdatamodeld in Sources */,
				72EFC8E9255DA900004D128A /* LoggerService.swift in Sources */,
				72EAD6FA251D10E2003DC6E4 /* ProfileImageView.swift in Sources */,
				729E44E62521FA7F004CE520 /* ConversationViewController.swift in Sources */,
				72EAD704251D392F003DC6E4 /* ConversationsListViewController.swift in Sources */,
				7276ABF2250E67510017245A /* ProfileViewController.swift in Sources */,
				6DD805D5251151910070594D /* UIViewController+State.swift in Sources */,
				72B94AB6256FD2D10019D6DD /* ParticlesAnimator.swift in Sources */,
				7240BEFF253CA15D00C00BB9 /* ConversationListTableViewHeader.swift in Sources */,
				72A175822534DDD200D4D81D /* AccessHelper.swift in Sources */,
				723E18B0255716C600085D21 /* PresentationAssembly.swift in Sources */,
				72924C3C25584DE1008944E8 /* DataManager.swift in Sources */,
				729E44ED252201F2004CE520 /* MessageModel.swift in Sources */,
				72EFC8CF255C7921004D128A /* ChannelModel.swift in Sources */,
				723E18AA2557167D00085D21 /* IPresentationAssembly.swift in Sources */,
				723E18AE255716AB00085D21 /* ICoreAssembly.swift in Sources */,
				723E18AC2557169F00085D21 /* IServicesAssembly.swift in Sources */,
				72202AC52566F111006B4BBA /* Request.swift in Sources */,
				72A1757E2534DC9100D4D81D /* TextViewDelegate.swift in Sources */,
				72202ACD2566F7F6006B4BBA /* ImageModel.swift in Sources */,
				7293C6D425365BAE0081BA1C /* GCDUserDataProvider.swift in Sources */,
				7293C6D725365BD90081BA1C /* OperationUserDataProvider.swift in Sources */,
				72EFC8DA255C8DEB004D128A /* IMessagesRepository.swift in Sources */,
				72EFC8D8255C888C004D128A /* ChannelsRepository.swift in Sources */,
				72EFC8F1255DB547004D128A /* ProfileImageModel.swift in Sources */,
				722119F42565C34A00EBE32B /* NetworkImageCellModel.swift in Sources */,
				722EB0592549D42500C37106 /* Channel_db+Init.swift in Sources */,
				72B94AB8257003570019D6DD /* AnimatedWindow.swift in Sources */,
				7240BEFD253B48F500C00BB9 /* FirestoreNetworkManager.swift in Sources */,
				72EAD710251DC3D0003DC6E4 /* ConversationListTableViewCell.swift in Sources */,
				72EFC8EF255DB474004D128A /* ConversationCellModel.swift in Sources */,
				7276AC05250E81DF0017245A /* Logger.swift in Sources */,
				7293C6DE25375E6D0081BA1C /* FileManager+Operations.swift in Sources */,
				7295F4022549C7E400937444 /* CoreDataManager.swift in Sources */,
				72EFC8FF255DC72E004D128A /* ConversationTableViewDataSource.swift in Sources */,
				72924C4025588997008944E8 /* ICoreDataManager.swift in Sources */,
				7240BF01253CB55500C00BB9 /* String+Content.swift in Sources */,
				7240BEEE253B2CFD00C00BB9 /* Message.swift in Sources */,
				725B0F6225663BBC00B718E0 /* IParser.swift in Sources */,
				72EFC8DE255C8EE3004D128A /* MessagesRepository.swift in Sources */,
				7293C6DA25365E1E0081BA1C /* UserModel.swift in Sources */,
				723E18A82557165900085D21 /* RootAssembly.swift in Sources */,
				72EFC8E7255DA8E9004D128A /* ILoggerService.swift in Sources */,
				725B0F682566BDDF00B718E0 /* BaseCodableParser.swift in Sources */,
				72202AC92566F51E006B4BBA /* INetworkManager.swift in Sources */,
				72EAD6FF251D11B0003DC6E4 /* User.swift in Sources */,
				7240BEF0253B2D2800C00BB9 /* Channel.swift in Sources */,
				723E18B42557173E00085D21 /* CoreAssembly.swift in Sources */,
				722EB05B2549D66300C37106 /* Message_db+Init.swift in Sources */,
				7240BF03253CB70C00C00BB9 /* CreateChannelAlertController.swift in Sources */,
				722119F02565644B00EBE32B /* NetworkImagesCollectionViewDelegate.swift in Sources */,
				72EFC8FB255DC3A5004D128A /* ConversationsListTableViewDataSource.swift in Sources */,
				7256E6B32527808300DA0608 /* ThemesViewController.swift in Sources */,
				723E18B22557170800085D21 /* ServicesAssembly.swift in Sources */,
				729E44EA2521FD6B004CE520 /* MessageCell.swift in Sources */,
				72579444256B05DD00B56656 /* ShakeViewAnimator.swift in Sources */,
				725B0F662566BB6900B718E0 /* PixabayService.swift in Sources */,
				72A9B451255329ED00F5FCA8 /* AlertHelper.swift in Sources */,
				72EFC8D5255C87E0004D128A /* IChannelsRepository.swift in Sources */,
				72EFC8F5255DBD37004D128A /* SendMessageModel.swift in Sources */,
				7256E6B72527821200DA0608 /* ThemePickerView.swift in Sources */,
				72F69F42251E82FF00FCC09B /* Date+Formatter.swift in Sources */,
				72F69F4525210EB700FCC09B /* Appearance.swift in Sources */,
				726DCECD25700E010025C76A /* IWindowAnimator.swift in Sources */,
				72202ACB2566F770006B4BBA /* IImagesService.swift in Sources */,
				72FF172D2521DC6B00B60547 /* IConversationsDataProvider.swift in Sources */,
				72202ACF2566F925006B4BBA /* DataParser.swift in Sources */,
				72377D4D256D86A0003DB019 /* IViewControllerAnimator.swift in Sources */,
				725B0F6C2566CDFF00B718E0 /* PixabayImage.swift in Sources */,
				7276ABEE250E67510017245A /* AppDelegate.swift in Sources */,
				72EAD716251DD0A5003DC6E4 /* IConfigurableView.swift in Sources */,
				72EFC8ED255DB321004D128A /* ConversationModel.swift in Sources */,
				72377D4B256D81B8003DB019 /* PopVCAnimator.swift in Sources */,
				725B0F6425663CA000B718E0 /* IRequest.swift in Sources */,
				722119F22565655200EBE32B /* NetworkImageCell.swift in Sources */,
				7293C6E92537A38A0081BA1C /* UIImage+Comparer.swift in Sources */,
				725B0F6A2566CD7F00B718E0 /* PixabayResponse.swift in Sources */,
				72DAD5FF250F4489008C8762 /* UIApplication.State+description.swift in Sources */,
				722119EC2565630000EBE32B /* NetworkImagesViewController.swift in Sources */,
				72AF92C8252934DB00335DF4 /* BaseNavigationController.swift in Sources */,
				72202AC72566F165006B4BBA /* RequestFactory.swift in Sources */,
				7256E6BA2527821F00DA0608 /* Theme.swift in Sources */,
				7240BEF7253B469A00C00BB9 /* FirestoreDataProvider.swift in Sources */,
				722119EE2565639B00EBE32B /* NetworkImagesColelctionViewDataSource.swift in Sources */,
			);
			runOnlyForDeploymentPostprocessing = 0;
		};
/* End PBXSourcesBuildPhase section */

/* Begin PBXTargetDependency section */
		72331E5F2576AC3B006F14C0 /* PBXTargetDependency */ = {
			isa = PBXTargetDependency;
			target = 7276ABE9250E67510017245A /* TinkoffFintechMessenger */;
			targetProxy = 72331E5E2576AC3B006F14C0 /* PBXContainerItemProxy */;
		};
/* End PBXTargetDependency section */

/* Begin PBXVariantGroup section */
		7276ABF3250E67510017245A /* Profile.storyboard */ = {
			isa = PBXVariantGroup;
			children = (
				7276ABF4250E67510017245A /* Base */,
			);
			name = Profile.storyboard;
			sourceTree = "<group>";
		};
		7276ABF8250E67520017245A /* LaunchScreen.storyboard */ = {
			isa = PBXVariantGroup;
			children = (
				7276ABF9250E67520017245A /* Base */,
			);
			name = LaunchScreen.storyboard;
			sourceTree = "<group>";
		};
/* End PBXVariantGroup section */

/* Begin XCBuildConfiguration section */
		72331E602576AC3B006F14C0 /* Debug */ = {
			isa = XCBuildConfiguration;
			baseConfigurationReference = 0622A5317C62B6E7D4A5457C /* Pods-MessengerTests.debug.xcconfig */;
			buildSettings = {
				BUNDLE_LOADER = "$(TEST_HOST)";
				CODE_SIGN_STYLE = Automatic;
				INFOPLIST_FILE = MessengerTests/Info.plist;
				IPHONEOS_DEPLOYMENT_TARGET = 12.0;
				LD_RUNPATH_SEARCH_PATHS = (
					"$(inherited)",
					"@executable_path/Frameworks",
					"@loader_path/Frameworks",
				);
				PRODUCT_BUNDLE_IDENTIFIER = nikitagundorin.MessengerTests;
				PRODUCT_NAME = "$(TARGET_NAME)";
				SWIFT_VERSION = 5.0;
				TARGETED_DEVICE_FAMILY = "1,2";
				TEST_HOST = "$(BUILT_PRODUCTS_DIR)/Messenger.app/Messenger";
			};
			name = Debug;
		};
		72331E612576AC3B006F14C0 /* Release */ = {
			isa = XCBuildConfiguration;
			baseConfigurationReference = 1FD8756D697DB36E462A9513 /* Pods-MessengerTests.release.xcconfig */;
			buildSettings = {
				BUNDLE_LOADER = "$(TEST_HOST)";
				CODE_SIGN_STYLE = Automatic;
				INFOPLIST_FILE = MessengerTests/Info.plist;
				IPHONEOS_DEPLOYMENT_TARGET = 12.0;
				LD_RUNPATH_SEARCH_PATHS = (
					"$(inherited)",
					"@executable_path/Frameworks",
					"@loader_path/Frameworks",
				);
				PRODUCT_BUNDLE_IDENTIFIER = nikitagundorin.MessengerTests;
				PRODUCT_NAME = "$(TARGET_NAME)";
				SWIFT_VERSION = 5.0;
				TARGETED_DEVICE_FAMILY = "1,2";
				TEST_HOST = "$(BUILT_PRODUCTS_DIR)/Messenger.app/Messenger";
			};
			name = Release;
		};
		7276ABFC250E67520017245A /* Debug */ = {
			isa = XCBuildConfiguration;
			buildSettings = {
				ALWAYS_SEARCH_USER_PATHS = NO;
				CLANG_ANALYZER_NONNULL = YES;
				CLANG_ANALYZER_NUMBER_OBJECT_CONVERSION = YES_AGGRESSIVE;
				CLANG_CXX_LANGUAGE_STANDARD = "gnu++14";
				CLANG_CXX_LIBRARY = "libc++";
				CLANG_ENABLE_MODULES = YES;
				CLANG_ENABLE_OBJC_ARC = YES;
				CLANG_ENABLE_OBJC_WEAK = YES;
				CLANG_WARN_BLOCK_CAPTURE_AUTORELEASING = YES;
				CLANG_WARN_BOOL_CONVERSION = YES;
				CLANG_WARN_COMMA = YES;
				CLANG_WARN_CONSTANT_CONVERSION = YES;
				CLANG_WARN_DEPRECATED_OBJC_IMPLEMENTATIONS = YES;
				CLANG_WARN_DIRECT_OBJC_ISA_USAGE = YES_ERROR;
				CLANG_WARN_DOCUMENTATION_COMMENTS = YES;
				CLANG_WARN_EMPTY_BODY = YES;
				CLANG_WARN_ENUM_CONVERSION = YES;
				CLANG_WARN_INFINITE_RECURSION = YES;
				CLANG_WARN_INT_CONVERSION = YES;
				CLANG_WARN_NON_LITERAL_NULL_CONVERSION = YES;
				CLANG_WARN_OBJC_IMPLICIT_RETAIN_SELF = YES;
				CLANG_WARN_OBJC_LITERAL_CONVERSION = YES;
				CLANG_WARN_OBJC_ROOT_CLASS = YES_ERROR;
				CLANG_WARN_QUOTED_INCLUDE_IN_FRAMEWORK_HEADER = YES;
				CLANG_WARN_RANGE_LOOP_ANALYSIS = YES;
				CLANG_WARN_STRICT_PROTOTYPES = YES;
				CLANG_WARN_SUSPICIOUS_MOVE = YES;
				CLANG_WARN_UNGUARDED_AVAILABILITY = YES_AGGRESSIVE;
				CLANG_WARN_UNREACHABLE_CODE = YES;
				CLANG_WARN__DUPLICATE_METHOD_MATCH = YES;
				COPY_PHASE_STRIP = NO;
				DEBUG_INFORMATION_FORMAT = dwarf;
				ENABLE_STRICT_OBJC_MSGSEND = YES;
				ENABLE_TESTABILITY = YES;
				GCC_C_LANGUAGE_STANDARD = gnu11;
				GCC_DYNAMIC_NO_PIC = NO;
				GCC_NO_COMMON_BLOCKS = YES;
				GCC_OPTIMIZATION_LEVEL = 0;
				GCC_PREPROCESSOR_DEFINITIONS = (
					"DEBUG=1",
					"$(inherited)",
				);
				GCC_WARN_64_TO_32_BIT_CONVERSION = YES;
				GCC_WARN_ABOUT_RETURN_TYPE = YES_ERROR;
				GCC_WARN_UNDECLARED_SELECTOR = YES;
				GCC_WARN_UNINITIALIZED_AUTOS = YES_AGGRESSIVE;
				GCC_WARN_UNUSED_FUNCTION = YES;
				GCC_WARN_UNUSED_VARIABLE = YES;
				IPHONEOS_DEPLOYMENT_TARGET = 12.0;
				MTL_ENABLE_DEBUG_INFO = INCLUDE_SOURCE;
				MTL_FAST_MATH = YES;
				ONLY_ACTIVE_ARCH = YES;
				SDKROOT = iphoneos;
				SWIFT_ACTIVE_COMPILATION_CONDITIONS = DEBUG;
				SWIFT_OPTIMIZATION_LEVEL = "-Onone";
			};
			name = Debug;
		};
		7276ABFD250E67520017245A /* Release */ = {
			isa = XCBuildConfiguration;
			buildSettings = {
				ALWAYS_SEARCH_USER_PATHS = NO;
				CLANG_ANALYZER_NONNULL = YES;
				CLANG_ANALYZER_NUMBER_OBJECT_CONVERSION = YES_AGGRESSIVE;
				CLANG_CXX_LANGUAGE_STANDARD = "gnu++14";
				CLANG_CXX_LIBRARY = "libc++";
				CLANG_ENABLE_MODULES = YES;
				CLANG_ENABLE_OBJC_ARC = YES;
				CLANG_ENABLE_OBJC_WEAK = YES;
				CLANG_WARN_BLOCK_CAPTURE_AUTORELEASING = YES;
				CLANG_WARN_BOOL_CONVERSION = YES;
				CLANG_WARN_COMMA = YES;
				CLANG_WARN_CONSTANT_CONVERSION = YES;
				CLANG_WARN_DEPRECATED_OBJC_IMPLEMENTATIONS = YES;
				CLANG_WARN_DIRECT_OBJC_ISA_USAGE = YES_ERROR;
				CLANG_WARN_DOCUMENTATION_COMMENTS = YES;
				CLANG_WARN_EMPTY_BODY = YES;
				CLANG_WARN_ENUM_CONVERSION = YES;
				CLANG_WARN_INFINITE_RECURSION = YES;
				CLANG_WARN_INT_CONVERSION = YES;
				CLANG_WARN_NON_LITERAL_NULL_CONVERSION = YES;
				CLANG_WARN_OBJC_IMPLICIT_RETAIN_SELF = YES;
				CLANG_WARN_OBJC_LITERAL_CONVERSION = YES;
				CLANG_WARN_OBJC_ROOT_CLASS = YES_ERROR;
				CLANG_WARN_QUOTED_INCLUDE_IN_FRAMEWORK_HEADER = YES;
				CLANG_WARN_RANGE_LOOP_ANALYSIS = YES;
				CLANG_WARN_STRICT_PROTOTYPES = YES;
				CLANG_WARN_SUSPICIOUS_MOVE = YES;
				CLANG_WARN_UNGUARDED_AVAILABILITY = YES_AGGRESSIVE;
				CLANG_WARN_UNREACHABLE_CODE = YES;
				CLANG_WARN__DUPLICATE_METHOD_MATCH = YES;
				COPY_PHASE_STRIP = NO;
				DEBUG_INFORMATION_FORMAT = "dwarf-with-dsym";
				ENABLE_NS_ASSERTIONS = NO;
				ENABLE_STRICT_OBJC_MSGSEND = YES;
				GCC_C_LANGUAGE_STANDARD = gnu11;
				GCC_NO_COMMON_BLOCKS = YES;
				GCC_WARN_64_TO_32_BIT_CONVERSION = YES;
				GCC_WARN_ABOUT_RETURN_TYPE = YES_ERROR;
				GCC_WARN_UNDECLARED_SELECTOR = YES;
				GCC_WARN_UNINITIALIZED_AUTOS = YES_AGGRESSIVE;
				GCC_WARN_UNUSED_FUNCTION = YES;
				GCC_WARN_UNUSED_VARIABLE = YES;
				IPHONEOS_DEPLOYMENT_TARGET = 12.0;
				MTL_ENABLE_DEBUG_INFO = NO;
				MTL_FAST_MATH = YES;
				SDKROOT = iphoneos;
				SWIFT_COMPILATION_MODE = wholemodule;
				SWIFT_OPTIMIZATION_LEVEL = "-O";
				VALIDATE_PRODUCT = YES;
			};
			name = Release;
		};
		7276ABFF250E67520017245A /* Debug */ = {
			isa = XCBuildConfiguration;
			baseConfigurationReference = 5786F2FF9963D4A506F1D523 /* Pods-TinkoffFintechMessenger.debug.xcconfig */;
			buildSettings = {
				ASSETCATALOG_COMPILER_APPICON_NAME = AppIcon;
				CODE_SIGN_STYLE = Automatic;
				DEVELOPMENT_TEAM = T6696YN386;
				INFOPLIST_FILE = TinkoffFintechMessenger/SupportingFiles/Info.plist;
				IPHONEOS_DEPLOYMENT_TARGET = 12.0;
				LD_RUNPATH_SEARCH_PATHS = (
					"$(inherited)",
					"@executable_path/Frameworks",
				);
				PRODUCT_BUNDLE_IDENTIFIER = ru.tinkoff.TinkoffChat;
				PRODUCT_NAME = Messenger;
				SWIFT_VERSION = 5.0;
				TARGETED_DEVICE_FAMILY = 1;
			};
			name = Debug;
		};
		7276AC00250E67520017245A /* Release */ = {
			isa = XCBuildConfiguration;
			baseConfigurationReference = 6F5C6EBCC32D1CACA43E7F81 /* Pods-TinkoffFintechMessenger.release.xcconfig */;
			buildSettings = {
				ASSETCATALOG_COMPILER_APPICON_NAME = AppIcon;
				CODE_SIGN_STYLE = Automatic;
				DEVELOPMENT_TEAM = T6696YN386;
				INFOPLIST_FILE = TinkoffFintechMessenger/SupportingFiles/Info.plist;
				IPHONEOS_DEPLOYMENT_TARGET = 12.0;
				LD_RUNPATH_SEARCH_PATHS = (
					"$(inherited)",
					"@executable_path/Frameworks",
				);
				PRODUCT_BUNDLE_IDENTIFIER = ru.tinkoff.TinkoffChat;
				PRODUCT_NAME = Messenger;
				SWIFT_VERSION = 5.0;
				TARGETED_DEVICE_FAMILY = 1;
			};
			name = Release;
		};
/* End XCBuildConfiguration section */

/* Begin XCConfigurationList section */
		72331E622576AC3B006F14C0 /* Build configuration list for PBXNativeTarget "MessengerTests" */ = {
			isa = XCConfigurationList;
			buildConfigurations = (
				72331E602576AC3B006F14C0 /* Debug */,
				72331E612576AC3B006F14C0 /* Release */,
			);
			defaultConfigurationIsVisible = 0;
			defaultConfigurationName = Release;
		};
		7276ABE5250E67510017245A /* Build configuration list for PBXProject "TinkoffFintechMessenger" */ = {
			isa = XCConfigurationList;
			buildConfigurations = (
				7276ABFC250E67520017245A /* Debug */,
				7276ABFD250E67520017245A /* Release */,
			);
			defaultConfigurationIsVisible = 0;
			defaultConfigurationName = Release;
		};
		7276ABFE250E67520017245A /* Build configuration list for PBXNativeTarget "TinkoffFintechMessenger" */ = {
			isa = XCConfigurationList;
			buildConfigurations = (
				7276ABFF250E67520017245A /* Debug */,
				7276AC00250E67520017245A /* Release */,
			);
			defaultConfigurationIsVisible = 0;
			defaultConfigurationName = Release;
		};
/* End XCConfigurationList section */

/* Begin XCVersionGroup section */
		72F79DD52545E2E500F4E6AC /* Chat.xcdatamodeld */ = {
			isa = XCVersionGroup;
			children = (
				72F79DD62545E2E500F4E6AC /* Сhat.xcdatamodel */,
			);
			currentVersion = 72F79DD62545E2E500F4E6AC /* Сhat.xcdatamodel */;
			path = Chat.xcdatamodeld;
			sourceTree = "<group>";
			versionGroupType = wrapper.xcdatamodel;
		};
/* End XCVersionGroup section */
	};
	rootObject = 7276ABE2250E67510017245A /* Project object */;
}
