// !$*UTF8*$!
{
	archiveVersion = 1;
	classes = {
	};
	objectVersion = 51;
	objects = {

/* Begin PBXBuildFile section */
		57519E203F217CD03346D6B4 /* Pods_TinkoffFintechMessenger.framework in Frameworks */ = {isa = PBXBuildFile; fileRef = 23A375116B19233D65668473 /* Pods_TinkoffFintechMessenger.framework */; };
		6DD805D5251151910070594D /* UIViewController+State.swift in Sources */ = {isa = PBXBuildFile; fileRef = 6DD805D4251151910070594D /* UIViewController+State.swift */; };
		7240BEEB253B28A200C00BB9 /* .swiftlint.yml in Resources */ = {isa = PBXBuildFile; fileRef = 7240BEEA253B28A200C00BB9 /* .swiftlint.yml */; };
		7240BEEE253B2CFD00C00BB9 /* Message.swift in Sources */ = {isa = PBXBuildFile; fileRef = 7240BEED253B2CFD00C00BB9 /* Message.swift */; };
		7240BEF0253B2D2800C00BB9 /* Channel.swift in Sources */ = {isa = PBXBuildFile; fileRef = 7240BEEF253B2D2800C00BB9 /* Channel.swift */; };
		7240BEF7253B469A00C00BB9 /* FirestoreDataProvider.swift in Sources */ = {isa = PBXBuildFile; fileRef = 7240BEF6253B469A00C00BB9 /* FirestoreDataProvider.swift */; };
		7240BEFB253B484500C00BB9 /* NetworkManager.swift in Sources */ = {isa = PBXBuildFile; fileRef = 7240BEFA253B484500C00BB9 /* NetworkManager.swift */; };
		7240BEFD253B48F500C00BB9 /* FirestoreNetworkManager.swift in Sources */ = {isa = PBXBuildFile; fileRef = 7240BEFC253B48F500C00BB9 /* FirestoreNetworkManager.swift */; };
		7240BEFF253CA15D00C00BB9 /* ConversationListTableViewHeader.swift in Sources */ = {isa = PBXBuildFile; fileRef = 7240BEFE253CA15D00C00BB9 /* ConversationListTableViewHeader.swift */; };
		7240BF01253CB55500C00BB9 /* String+Content.swift in Sources */ = {isa = PBXBuildFile; fileRef = 7240BF00253CB55500C00BB9 /* String+Content.swift */; };
		7240BF03253CB70C00C00BB9 /* CreateChannelAlertController.swift in Sources */ = {isa = PBXBuildFile; fileRef = 7240BF02253CB70C00C00BB9 /* CreateChannelAlertController.swift */; };
		7240BF05253CBC5700C00BB9 /* SendMessageView.swift in Sources */ = {isa = PBXBuildFile; fileRef = 7240BF04253CBC5700C00BB9 /* SendMessageView.swift */; };
		7256E6B32527808300DA0608 /* ThemesViewController.swift in Sources */ = {isa = PBXBuildFile; fileRef = 7256E6B22527808300DA0608 /* ThemesViewController.swift */; };
		7256E6B72527821200DA0608 /* ThemePicker.swift in Sources */ = {isa = PBXBuildFile; fileRef = 7256E6B62527821200DA0608 /* ThemePicker.swift */; };
		7256E6BA2527821F00DA0608 /* ThemeModel.swift in Sources */ = {isa = PBXBuildFile; fileRef = 7256E6B92527821F00DA0608 /* ThemeModel.swift */; };
		7276ABEE250E67510017245A /* AppDelegate.swift in Sources */ = {isa = PBXBuildFile; fileRef = 7276ABED250E67510017245A /* AppDelegate.swift */; };
		7276ABF2250E67510017245A /* ProfileViewController.swift in Sources */ = {isa = PBXBuildFile; fileRef = 7276ABF1250E67510017245A /* ProfileViewController.swift */; };
		7276ABF5250E67510017245A /* Profile.storyboard in Resources */ = {isa = PBXBuildFile; fileRef = 7276ABF3250E67510017245A /* Profile.storyboard */; };
		7276ABF7250E67520017245A /* Assets.xcassets in Resources */ = {isa = PBXBuildFile; fileRef = 7276ABF6250E67520017245A /* Assets.xcassets */; };
		7276ABFA250E67520017245A /* LaunchScreen.storyboard in Resources */ = {isa = PBXBuildFile; fileRef = 7276ABF8250E67520017245A /* LaunchScreen.storyboard */; };
		7276AC05250E81DF0017245A /* Logger.swift in Sources */ = {isa = PBXBuildFile; fileRef = 7276AC04250E81DF0017245A /* Logger.swift */; };
		7293C6D12536594E0081BA1C /* DataManager.swift in Sources */ = {isa = PBXBuildFile; fileRef = 7293C6D02536594E0081BA1C /* DataManager.swift */; };
		7293C6D425365BAE0081BA1C /* GCDDataManager.swift in Sources */ = {isa = PBXBuildFile; fileRef = 7293C6D325365BAE0081BA1C /* GCDDataManager.swift */; };
		7293C6D725365BD90081BA1C /* OperationDataManager.swift in Sources */ = {isa = PBXBuildFile; fileRef = 7293C6D625365BD90081BA1C /* OperationDataManager.swift */; };
		7293C6DA25365E1E0081BA1C /* PersonViewModel.swift in Sources */ = {isa = PBXBuildFile; fileRef = 7293C6D925365E1E0081BA1C /* PersonViewModel.swift */; };
		7293C6DE25375E6D0081BA1C /* FileManager+Operations.swift in Sources */ = {isa = PBXBuildFile; fileRef = 7293C6DD25375E6D0081BA1C /* FileManager+Operations.swift */; };
		7293C6E32537624E0081BA1C /* Constants.swift in Sources */ = {isa = PBXBuildFile; fileRef = 7293C6E22537624E0081BA1C /* Constants.swift */; };
		7293C6E92537A38A0081BA1C /* UIImage+Comparer.swift in Sources */ = {isa = PBXBuildFile; fileRef = 7293C6E82537A38A0081BA1C /* UIImage+Comparer.swift */; };
		729E44E62521FA7F004CE520 /* ConversationViewController.swift in Sources */ = {isa = PBXBuildFile; fileRef = 729E44E52521FA7F004CE520 /* ConversationViewController.swift */; };
		729E44EA2521FD6B004CE520 /* MessageCell.swift in Sources */ = {isa = PBXBuildFile; fileRef = 729E44E92521FD6B004CE520 /* MessageCell.swift */; };
		729E44ED252201F2004CE520 /* MessageCellModel.swift in Sources */ = {isa = PBXBuildFile; fileRef = 729E44EC252201F2004CE520 /* MessageCellModel.swift */; };
		72A1757E2534DC9100D4D81D /* TextViewDelegate.swift in Sources */ = {isa = PBXBuildFile; fileRef = 72A1757D2534DC9100D4D81D /* TextViewDelegate.swift */; };
		72A175822534DDD200D4D81D /* CameraManager.swift in Sources */ = {isa = PBXBuildFile; fileRef = 72A175812534DDD200D4D81D /* CameraManager.swift */; };
		72A175852534E2AC00D4D81D /* ImagePickerDelegate.swift in Sources */ = {isa = PBXBuildFile; fileRef = 72A175842534E2AC00D4D81D /* ImagePickerDelegate.swift */; };
		72AF92BD2527B4B500335DF4 /* ThemesPickerDelegate.swift in Sources */ = {isa = PBXBuildFile; fileRef = 72AF92BC2527B4B500335DF4 /* ThemesPickerDelegate.swift */; };
		72AF92C8252934DB00335DF4 /* BaseNavigationController.swift in Sources */ = {isa = PBXBuildFile; fileRef = 72AF92C7252934DB00335DF4 /* BaseNavigationController.swift */; };
		72DAD5FF250F4489008C8762 /* UIApplication.State+description.swift in Sources */ = {isa = PBXBuildFile; fileRef = 72DAD5FE250F4489008C8762 /* UIApplication.State+description.swift */; };
		72EAD6FA251D10E2003DC6E4 /* ProfileImageView.swift in Sources */ = {isa = PBXBuildFile; fileRef = 72EAD6F9251D10E2003DC6E4 /* ProfileImageView.swift */; };
		72EAD6FF251D11B0003DC6E4 /* Person.swift in Sources */ = {isa = PBXBuildFile; fileRef = 72EAD6FE251D11B0003DC6E4 /* Person.swift */; };
		72EAD704251D392F003DC6E4 /* ConversationsListViewController.swift in Sources */ = {isa = PBXBuildFile; fileRef = 72EAD703251D392F003DC6E4 /* ConversationsListViewController.swift */; };
		72EAD710251DC3D0003DC6E4 /* ConversationListTableViewCell.swift in Sources */ = {isa = PBXBuildFile; fileRef = 72EAD70F251DC3D0003DC6E4 /* ConversationListTableViewCell.swift */; };
		72EAD716251DD0A5003DC6E4 /* ConfigurableView.swift in Sources */ = {isa = PBXBuildFile; fileRef = 72EAD715251DD0A5003DC6E4 /* ConfigurableView.swift */; };
		72F69F42251E82FF00FCC09B /* Date+Formatter.swift in Sources */ = {isa = PBXBuildFile; fileRef = 72F69F41251E82FF00FCC09B /* Date+Formatter.swift */; };
		72F69F4525210EB700FCC09B /* Appearance.swift in Sources */ = {isa = PBXBuildFile; fileRef = 72F69F4425210EB700FCC09B /* Appearance.swift */; };
		72FF172D2521DC6B00B60547 /* DataProvider.swift in Sources */ = {isa = PBXBuildFile; fileRef = 72FF172C2521DC6B00B60547 /* DataProvider.swift */; };
/* End PBXBuildFile section */

/* Begin PBXFileReference section */
		23A375116B19233D65668473 /* Pods_TinkoffFintechMessenger.framework */ = {isa = PBXFileReference; explicitFileType = wrapper.framework; includeInIndex = 0; path = Pods_TinkoffFintechMessenger.framework; sourceTree = BUILT_PRODUCTS_DIR; };
		5786F2FF9963D4A506F1D523 /* Pods-TinkoffFintechMessenger.debug.xcconfig */ = {isa = PBXFileReference; includeInIndex = 1; lastKnownFileType = text.xcconfig; name = "Pods-TinkoffFintechMessenger.debug.xcconfig"; path = "Target Support Files/Pods-TinkoffFintechMessenger/Pods-TinkoffFintechMessenger.debug.xcconfig"; sourceTree = "<group>"; };
		6DD805D4251151910070594D /* UIViewController+State.swift */ = {isa = PBXFileReference; lastKnownFileType = sourcecode.swift; path = "UIViewController+State.swift"; sourceTree = "<group>"; };
		6F5C6EBCC32D1CACA43E7F81 /* Pods-TinkoffFintechMessenger.release.xcconfig */ = {isa = PBXFileReference; includeInIndex = 1; lastKnownFileType = text.xcconfig; name = "Pods-TinkoffFintechMessenger.release.xcconfig"; path = "Target Support Files/Pods-TinkoffFintechMessenger/Pods-TinkoffFintechMessenger.release.xcconfig"; sourceTree = "<group>"; };
		7240BEEA253B28A200C00BB9 /* .swiftlint.yml */ = {isa = PBXFileReference; lastKnownFileType = text.yaml; path = .swiftlint.yml; sourceTree = "<group>"; };
		7240BEEC253B28CA00C00BB9 /* GoogleService-Info.plist */ = {isa = PBXFileReference; lastKnownFileType = text.plist.xml; path = "GoogleService-Info.plist"; sourceTree = "<group>"; };
		7240BEED253B2CFD00C00BB9 /* Message.swift */ = {isa = PBXFileReference; fileEncoding = 4; lastKnownFileType = sourcecode.swift; path = Message.swift; sourceTree = "<group>"; };
		7240BEEF253B2D2800C00BB9 /* Channel.swift */ = {isa = PBXFileReference; lastKnownFileType = sourcecode.swift; path = Channel.swift; sourceTree = "<group>"; };
		7240BEF6253B469A00C00BB9 /* FirestoreDataProvider.swift */ = {isa = PBXFileReference; lastKnownFileType = sourcecode.swift; path = FirestoreDataProvider.swift; sourceTree = "<group>"; };
		7240BEFA253B484500C00BB9 /* NetworkManager.swift */ = {isa = PBXFileReference; lastKnownFileType = sourcecode.swift; path = NetworkManager.swift; sourceTree = "<group>"; };
		7240BEFC253B48F500C00BB9 /* FirestoreNetworkManager.swift */ = {isa = PBXFileReference; lastKnownFileType = sourcecode.swift; path = FirestoreNetworkManager.swift; sourceTree = "<group>"; };
		7240BEFE253CA15D00C00BB9 /* ConversationListTableViewHeader.swift */ = {isa = PBXFileReference; lastKnownFileType = sourcecode.swift; path = ConversationListTableViewHeader.swift; sourceTree = "<group>"; };
		7240BF00253CB55500C00BB9 /* String+Content.swift */ = {isa = PBXFileReference; lastKnownFileType = sourcecode.swift; path = "String+Content.swift"; sourceTree = "<group>"; };
		7240BF02253CB70C00C00BB9 /* CreateChannelAlertController.swift */ = {isa = PBXFileReference; lastKnownFileType = sourcecode.swift; path = CreateChannelAlertController.swift; sourceTree = "<group>"; };
		7240BF04253CBC5700C00BB9 /* SendMessageView.swift */ = {isa = PBXFileReference; lastKnownFileType = sourcecode.swift; path = SendMessageView.swift; sourceTree = "<group>"; };
		7256E6B22527808300DA0608 /* ThemesViewController.swift */ = {isa = PBXFileReference; lastKnownFileType = sourcecode.swift; path = ThemesViewController.swift; sourceTree = "<group>"; };
		7256E6B62527821200DA0608 /* ThemePicker.swift */ = {isa = PBXFileReference; lastKnownFileType = sourcecode.swift; path = ThemePicker.swift; sourceTree = "<group>"; };
		7256E6B92527821F00DA0608 /* ThemeModel.swift */ = {isa = PBXFileReference; lastKnownFileType = sourcecode.swift; path = ThemeModel.swift; sourceTree = "<group>"; };
		7276ABEA250E67510017245A /* Messenger.app */ = {isa = PBXFileReference; explicitFileType = wrapper.application; includeInIndex = 0; path = Messenger.app; sourceTree = BUILT_PRODUCTS_DIR; };
		7276ABED250E67510017245A /* AppDelegate.swift */ = {isa = PBXFileReference; lastKnownFileType = sourcecode.swift; path = AppDelegate.swift; sourceTree = "<group>"; };
		7276ABF1250E67510017245A /* ProfileViewController.swift */ = {isa = PBXFileReference; lastKnownFileType = sourcecode.swift; path = ProfileViewController.swift; sourceTree = "<group>"; };
		7276ABF4250E67510017245A /* Base */ = {isa = PBXFileReference; lastKnownFileType = file.storyboard; name = Base; path = Base.lproj/Profile.storyboard; sourceTree = "<group>"; };
		7276ABF6250E67520017245A /* Assets.xcassets */ = {isa = PBXFileReference; lastKnownFileType = folder.assetcatalog; path = Assets.xcassets; sourceTree = "<group>"; };
		7276ABF9250E67520017245A /* Base */ = {isa = PBXFileReference; lastKnownFileType = file.storyboard; name = Base; path = Base.lproj/LaunchScreen.storyboard; sourceTree = "<group>"; };
		7276ABFB250E67520017245A /* Info.plist */ = {isa = PBXFileReference; lastKnownFileType = text.plist.xml; path = Info.plist; sourceTree = "<group>"; };
		7276AC04250E81DF0017245A /* Logger.swift */ = {isa = PBXFileReference; lastKnownFileType = sourcecode.swift; path = Logger.swift; sourceTree = "<group>"; };
		7293C6D02536594E0081BA1C /* DataManager.swift */ = {isa = PBXFileReference; lastKnownFileType = sourcecode.swift; path = DataManager.swift; sourceTree = "<group>"; };
		7293C6D325365BAE0081BA1C /* GCDDataManager.swift */ = {isa = PBXFileReference; lastKnownFileType = sourcecode.swift; path = GCDDataManager.swift; sourceTree = "<group>"; };
		7293C6D625365BD90081BA1C /* OperationDataManager.swift */ = {isa = PBXFileReference; lastKnownFileType = sourcecode.swift; path = OperationDataManager.swift; sourceTree = "<group>"; };
		7293C6D925365E1E0081BA1C /* PersonViewModel.swift */ = {isa = PBXFileReference; lastKnownFileType = sourcecode.swift; path = PersonViewModel.swift; sourceTree = "<group>"; };
		7293C6DD25375E6D0081BA1C /* FileManager+Operations.swift */ = {isa = PBXFileReference; lastKnownFileType = sourcecode.swift; path = "FileManager+Operations.swift"; sourceTree = "<group>"; };
		7293C6E22537624E0081BA1C /* Constants.swift */ = {isa = PBXFileReference; lastKnownFileType = sourcecode.swift; path = Constants.swift; sourceTree = "<group>"; };
		7293C6E82537A38A0081BA1C /* UIImage+Comparer.swift */ = {isa = PBXFileReference; lastKnownFileType = sourcecode.swift; path = "UIImage+Comparer.swift"; sourceTree = "<group>"; };
		729E44E52521FA7F004CE520 /* ConversationViewController.swift */ = {isa = PBXFileReference; lastKnownFileType = sourcecode.swift; path = ConversationViewController.swift; sourceTree = "<group>"; };
		729E44E92521FD6B004CE520 /* MessageCell.swift */ = {isa = PBXFileReference; lastKnownFileType = sourcecode.swift; path = MessageCell.swift; sourceTree = "<group>"; };
		729E44EC252201F2004CE520 /* MessageCellModel.swift */ = {isa = PBXFileReference; lastKnownFileType = sourcecode.swift; path = MessageCellModel.swift; sourceTree = "<group>"; };
		72A1757D2534DC9100D4D81D /* TextViewDelegate.swift */ = {isa = PBXFileReference; lastKnownFileType = sourcecode.swift; path = TextViewDelegate.swift; sourceTree = "<group>"; };
		72A175812534DDD200D4D81D /* CameraManager.swift */ = {isa = PBXFileReference; lastKnownFileType = sourcecode.swift; path = CameraManager.swift; sourceTree = "<group>"; };
		72A175842534E2AC00D4D81D /* ImagePickerDelegate.swift */ = {isa = PBXFileReference; lastKnownFileType = sourcecode.swift; path = ImagePickerDelegate.swift; sourceTree = "<group>"; };
		72AF92BC2527B4B500335DF4 /* ThemesPickerDelegate.swift */ = {isa = PBXFileReference; lastKnownFileType = sourcecode.swift; path = ThemesPickerDelegate.swift; sourceTree = "<group>"; };
		72AF92C7252934DB00335DF4 /* BaseNavigationController.swift */ = {isa = PBXFileReference; lastKnownFileType = sourcecode.swift; path = BaseNavigationController.swift; sourceTree = "<group>"; };
		72DAD5FE250F4489008C8762 /* UIApplication.State+description.swift */ = {isa = PBXFileReference; lastKnownFileType = sourcecode.swift; path = "UIApplication.State+description.swift"; sourceTree = "<group>"; };
		72EAD6F9251D10E2003DC6E4 /* ProfileImageView.swift */ = {isa = PBXFileReference; lastKnownFileType = sourcecode.swift; path = ProfileImageView.swift; sourceTree = "<group>"; };
		72EAD6FE251D11B0003DC6E4 /* Person.swift */ = {isa = PBXFileReference; lastKnownFileType = sourcecode.swift; path = Person.swift; sourceTree = "<group>"; };
		72EAD703251D392F003DC6E4 /* ConversationsListViewController.swift */ = {isa = PBXFileReference; lastKnownFileType = sourcecode.swift; path = ConversationsListViewController.swift; sourceTree = "<group>"; };
		72EAD70F251DC3D0003DC6E4 /* ConversationListTableViewCell.swift */ = {isa = PBXFileReference; lastKnownFileType = sourcecode.swift; path = ConversationListTableViewCell.swift; sourceTree = "<group>"; };
		72EAD715251DD0A5003DC6E4 /* ConfigurableView.swift */ = {isa = PBXFileReference; lastKnownFileType = sourcecode.swift; path = ConfigurableView.swift; sourceTree = "<group>"; };
		72F69F41251E82FF00FCC09B /* Date+Formatter.swift */ = {isa = PBXFileReference; lastKnownFileType = sourcecode.swift; path = "Date+Formatter.swift"; sourceTree = "<group>"; };
		72F69F4425210EB700FCC09B /* Appearance.swift */ = {isa = PBXFileReference; lastKnownFileType = sourcecode.swift; path = Appearance.swift; sourceTree = "<group>"; };
		72FF172C2521DC6B00B60547 /* DataProvider.swift */ = {isa = PBXFileReference; lastKnownFileType = sourcecode.swift; path = DataProvider.swift; sourceTree = "<group>"; };
/* End PBXFileReference section */

/* Begin PBXFrameworksBuildPhase section */
		7276ABE7250E67510017245A /* Frameworks */ = {
			isa = PBXFrameworksBuildPhase;
			buildActionMask = 2147483647;
			files = (
				57519E203F217CD03346D6B4 /* Pods_TinkoffFintechMessenger.framework in Frameworks */,
			);
			runOnlyForDeploymentPostprocessing = 0;
		};
/* End PBXFrameworksBuildPhase section */

/* Begin PBXGroup section */
		6D8F569B2517CCE80042B6FC /* Profile */ = {
			isa = PBXGroup;
			children = (
				7276ABF1250E67510017245A /* ProfileViewController.swift */,
			);
			path = Profile;
			sourceTree = "<group>";
		};
		6D8F569C2517CCF90042B6FC /* Profile */ = {
			isa = PBXGroup;
			children = (
				7276ABF3250E67510017245A /* Profile.storyboard */,
			);
			path = Profile;
			sourceTree = "<group>";
		};
		7256E6B0252684B300DA0608 /* Themes */ = {
			isa = PBXGroup;
			children = (
				7256E6B22527808300DA0608 /* ThemesViewController.swift */,
			);
			path = Themes;
			sourceTree = "<group>";
		};
		7256E6B1252684D000DA0608 /* Themes */ = {
			isa = PBXGroup;
			children = (
				7256E6B62527821200DA0608 /* ThemePicker.swift */,
			);
			path = Themes;
			sourceTree = "<group>";
		};
		7276ABE1250E67510017245A = {
			isa = PBXGroup;
			children = (
				7276ABEC250E67510017245A /* TinkoffFintechMessenger */,
				7240BEEA253B28A200C00BB9 /* .swiftlint.yml */,
				7276ABEB250E67510017245A /* Products */,
				9C3E90073EAF3239864F9EC3 /* Pods */,
				A46A0D01D1F2CC60CB3C3D79 /* Frameworks */,
			);
			sourceTree = "<group>";
		};
		7276ABEB250E67510017245A /* Products */ = {
			isa = PBXGroup;
			children = (
				7276ABEA250E67510017245A /* Messenger.app */,
			);
			name = Products;
			sourceTree = "<group>";
		};
		7276ABEC250E67510017245A /* TinkoffFintechMessenger */ = {
			isa = PBXGroup;
			children = (
				72A175802534DDC700D4D81D /* Managers */,
				72F69F4825213C8C00FCC09B /* Service */,
				72EAD6FD251D1161003DC6E4 /* Model */,
				7276AC03250E74C90017245A /* Controllers */,
				7276AC02250E74C10017245A /* View */,
				72DAD5FD250F445F008C8762 /* Extensions */,
				7276AC01250E74AB0017245A /* SupportingFiles */,
			);
			path = TinkoffFintechMessenger;
			sourceTree = "<group>";
		};
		7276AC01250E74AB0017245A /* SupportingFiles */ = {
			isa = PBXGroup;
			children = (
				72F69F4425210EB700FCC09B /* Appearance.swift */,
				7276ABED250E67510017245A /* AppDelegate.swift */,
				7276ABF6250E67520017245A /* Assets.xcassets */,
				7293C6E22537624E0081BA1C /* Constants.swift */,
				7276ABFB250E67520017245A /* Info.plist */,
				7240BEEC253B28CA00C00BB9 /* GoogleService-Info.plist */,
				7276AC04250E81DF0017245A /* Logger.swift */,
			);
			path = SupportingFiles;
			sourceTree = "<group>";
		};
		7276AC02250E74C10017245A /* View */ = {
			isa = PBXGroup;
			children = (
				72EAD6F8251D10A9003DC6E4 /* Common */,
				7256E6B1252684D000DA0608 /* Themes */,
				729E44E42521FA51004CE520 /* Conversation */,
				72EAD70E251DC3BA003DC6E4 /* ConversationList */,
				6D8F569C2517CCF90042B6FC /* Profile */,
				7276ABF8250E67520017245A /* LaunchScreen.storyboard */,
			);
			path = View;
			sourceTree = "<group>";
		};
		7276AC03250E74C90017245A /* Controllers */ = {
			isa = PBXGroup;
			children = (
				72AF92C6252934C200335DF4 /* Common */,
				7256E6B0252684B300DA0608 /* Themes */,
				729E44E32521FA4A004CE520 /* Conversation */,
				72EAD702251D3920003DC6E4 /* ConversationList */,
				6D8F569B2517CCE80042B6FC /* Profile */,
			);
			path = Controllers;
			sourceTree = "<group>";
		};
		7293C6CE253654710081BA1C /* Protocols */ = {
			isa = PBXGroup;
			children = (
				7293C6D02536594E0081BA1C /* DataManager.swift */,
				7240BEFA253B484500C00BB9 /* NetworkManager.swift */,
			);
			path = Protocols;
			sourceTree = "<group>";
		};
		729E44E32521FA4A004CE520 /* Conversation */ = {
			isa = PBXGroup;
			children = (
				729E44E52521FA7F004CE520 /* ConversationViewController.swift */,
			);
			path = Conversation;
			sourceTree = "<group>";
		};
		729E44E42521FA51004CE520 /* Conversation */ = {
			isa = PBXGroup;
			children = (
				729E44E92521FD6B004CE520 /* MessageCell.swift */,
				7240BF04253CBC5700C00BB9 /* SendMessageView.swift */,
			);
			path = Conversation;
			sourceTree = "<group>";
		};
		72A175802534DDC700D4D81D /* Managers */ = {
			isa = PBXGroup;
			children = (
				7293C6CE253654710081BA1C /* Protocols */,
				72A175812534DDD200D4D81D /* CameraManager.swift */,
				7293C6D325365BAE0081BA1C /* GCDDataManager.swift */,
				7293C6D625365BD90081BA1C /* OperationDataManager.swift */,
				7240BEFC253B48F500C00BB9 /* FirestoreNetworkManager.swift */,
			);
			path = Managers;
			sourceTree = "<group>";
		};
		72AF92C6252934C200335DF4 /* Common */ = {
			isa = PBXGroup;
			children = (
				72AF92C7252934DB00335DF4 /* BaseNavigationController.swift */,
			);
			path = Common;
			sourceTree = "<group>";
		};
		72BF38442534DAD300FFDE1D /* Profile */ = {
			isa = PBXGroup;
			children = (
				72EAD6FE251D11B0003DC6E4 /* Person.swift */,
				7293C6D925365E1E0081BA1C /* PersonViewModel.swift */,
				72A1757D2534DC9100D4D81D /* TextViewDelegate.swift */,
				72A175842534E2AC00D4D81D /* ImagePickerDelegate.swift */,
			);
			path = Profile;
			sourceTree = "<group>";
		};
		72BF384A2534DB1000FFDE1D /* Themes */ = {
			isa = PBXGroup;
			children = (
				7256E6B92527821F00DA0608 /* ThemeModel.swift */,
			);
			path = Themes;
			sourceTree = "<group>";
		};
		72BF384B2534DB1E00FFDE1D /* Conversation */ = {
			isa = PBXGroup;
			children = (
				7240BEED253B2CFD00C00BB9 /* Message.swift */,
				729E44EC252201F2004CE520 /* MessageCellModel.swift */,
			);
			path = Conversation;
			sourceTree = "<group>";
		};
		72BF384C2534DB3D00FFDE1D /* ConversationList */ = {
			isa = PBXGroup;
			children = (
				7240BEEF253B2D2800C00BB9 /* Channel.swift */,
			);
			path = ConversationList;
			sourceTree = "<group>";
		};
		72DAD5FD250F445F008C8762 /* Extensions */ = {
			isa = PBXGroup;
			children = (
				7293C6DD25375E6D0081BA1C /* FileManager+Operations.swift */,
				72DAD5FE250F4489008C8762 /* UIApplication.State+description.swift */,
				6DD805D4251151910070594D /* UIViewController+State.swift */,
				72F69F41251E82FF00FCC09B /* Date+Formatter.swift */,
				7293C6E82537A38A0081BA1C /* UIImage+Comparer.swift */,
				7240BF00253CB55500C00BB9 /* String+Content.swift */,
			);
			path = Extensions;
			sourceTree = "<group>";
		};
		72EAD6F8251D10A9003DC6E4 /* Common */ = {
			isa = PBXGroup;
			children = (
				72EAD6F9251D10E2003DC6E4 /* ProfileImageView.swift */,
			);
			path = Common;
			sourceTree = "<group>";
		};
		72EAD6FD251D1161003DC6E4 /* Model */ = {
			isa = PBXGroup;
			children = (
				72BF384A2534DB1000FFDE1D /* Themes */,
				72BF384B2534DB1E00FFDE1D /* Conversation */,
				72BF384C2534DB3D00FFDE1D /* ConversationList */,
				72BF38442534DAD300FFDE1D /* Profile */,
				72EAD714251DD092003DC6E4 /* Protocols */,
			);
			path = Model;
			sourceTree = "<group>";
		};
		72EAD702251D3920003DC6E4 /* ConversationList */ = {
			isa = PBXGroup;
			children = (
				72EAD703251D392F003DC6E4 /* ConversationsListViewController.swift */,
				7240BF02253CB70C00C00BB9 /* CreateChannelAlertController.swift */,
			);
			path = ConversationList;
			sourceTree = "<group>";
		};
		72EAD70E251DC3BA003DC6E4 /* ConversationList */ = {
			isa = PBXGroup;
			children = (
				72EAD70F251DC3D0003DC6E4 /* ConversationListTableViewCell.swift */,
				7240BEFE253CA15D00C00BB9 /* ConversationListTableViewHeader.swift */,
			);
			path = ConversationList;
			sourceTree = "<group>";
		};
		72EAD714251DD092003DC6E4 /* Protocols */ = {
			isa = PBXGroup;
			children = (
				72EAD715251DD0A5003DC6E4 /* ConfigurableView.swift */,
				72AF92BC2527B4B500335DF4 /* ThemesPickerDelegate.swift */,
			);
			path = Protocols;
			sourceTree = "<group>";
		};
		72F69F4825213C8C00FCC09B /* Service */ = {
			isa = PBXGroup;
			children = (
				72FF17262521455B00B60547 /* Protocols */,
				7240BEF6253B469A00C00BB9 /* FirestoreDataProvider.swift */,
			);
			path = Service;
			sourceTree = "<group>";
		};
		72FF17262521455B00B60547 /* Protocols */ = {
			isa = PBXGroup;
			children = (
				72FF172C2521DC6B00B60547 /* DataProvider.swift */,
			);
			path = Protocols;
			sourceTree = "<group>";
		};
		9C3E90073EAF3239864F9EC3 /* Pods */ = {
			isa = PBXGroup;
			children = (
				5786F2FF9963D4A506F1D523 /* Pods-TinkoffFintechMessenger.debug.xcconfig */,
				6F5C6EBCC32D1CACA43E7F81 /* Pods-TinkoffFintechMessenger.release.xcconfig */,
			);
			path = Pods;
			sourceTree = "<group>";
		};
		A46A0D01D1F2CC60CB3C3D79 /* Frameworks */ = {
			isa = PBXGroup;
			children = (
				23A375116B19233D65668473 /* Pods_TinkoffFintechMessenger.framework */,
			);
			name = Frameworks;
			sourceTree = "<group>";
		};
/* End PBXGroup section */

/* Begin PBXNativeTarget section */
		7276ABE9250E67510017245A /* TinkoffFintechMessenger */ = {
			isa = PBXNativeTarget;
			buildConfigurationList = 7276ABFE250E67520017245A /* Build configuration list for PBXNativeTarget "TinkoffFintechMessenger" */;
			buildPhases = (
				62EE1EA9E617A3733754E069 /* [CP] Check Pods Manifest.lock */,
				7276ABE6250E67510017245A /* Sources */,
				7276ABE7250E67510017245A /* Frameworks */,
				7276ABE8250E67510017245A /* Resources */,
				6D61E67D8B94255DB6EC2268 /* [CP] Embed Pods Frameworks */,
				7240BEE9253B27E800C00BB9 /* ShellScript */,
			);
			buildRules = (
			);
			dependencies = (
			);
			name = TinkoffFintechMessenger;
			productName = TinkoffFintechMessenger;
			productReference = 7276ABEA250E67510017245A /* Messenger.app */;
			productType = "com.apple.product-type.application";
		};
/* End PBXNativeTarget section */

/* Begin PBXProject section */
		7276ABE2250E67510017245A /* Project object */ = {
			isa = PBXProject;
			attributes = {
				LastSwiftUpdateCheck = 1170;
				LastUpgradeCheck = 1200;
				ORGANIZATIONNAME = "Nikita Gundorin";
				TargetAttributes = {
					7276ABE9250E67510017245A = {
						CreatedOnToolsVersion = 11.7;
					};
				};
			};
			buildConfigurationList = 7276ABE5250E67510017245A /* Build configuration list for PBXProject "TinkoffFintechMessenger" */;
			compatibilityVersion = "Xcode 9.3";
			developmentRegion = en;
			hasScannedForEncodings = 0;
			knownRegions = (
				en,
				Base,
			);
			mainGroup = 7276ABE1250E67510017245A;
			productRefGroup = 7276ABEB250E67510017245A /* Products */;
			projectDirPath = "";
			projectRoot = "";
			targets = (
				7276ABE9250E67510017245A /* TinkoffFintechMessenger */,
			);
		};
/* End PBXProject section */

/* Begin PBXResourcesBuildPhase section */
		7276ABE8250E67510017245A /* Resources */ = {
			isa = PBXResourcesBuildPhase;
			buildActionMask = 2147483647;
			files = (
				7240BEEB253B28A200C00BB9 /* .swiftlint.yml in Resources */,
				7276ABFA250E67520017245A /* LaunchScreen.storyboard in Resources */,
				7276ABF7250E67520017245A /* Assets.xcassets in Resources */,
				7276ABF5250E67510017245A /* Profile.storyboard in Resources */,
			);
			runOnlyForDeploymentPostprocessing = 0;
		};
/* End PBXResourcesBuildPhase section */

/* Begin PBXShellScriptBuildPhase section */
		62EE1EA9E617A3733754E069 /* [CP] Check Pods Manifest.lock */ = {
			isa = PBXShellScriptBuildPhase;
			buildActionMask = 2147483647;
			files = (
			);
			inputFileListPaths = (
			);
			inputPaths = (
				"${PODS_PODFILE_DIR_PATH}/Podfile.lock",
				"${PODS_ROOT}/Manifest.lock",
			);
			name = "[CP] Check Pods Manifest.lock";
			outputFileListPaths = (
			);
			outputPaths = (
				"$(DERIVED_FILE_DIR)/Pods-TinkoffFintechMessenger-checkManifestLockResult.txt",
			);
			runOnlyForDeploymentPostprocessing = 0;
			shellPath = /bin/sh;
			shellScript = "diff \"${PODS_PODFILE_DIR_PATH}/Podfile.lock\" \"${PODS_ROOT}/Manifest.lock\" > /dev/null\nif [ $? != 0 ] ; then\n    # print error to STDERR\n    echo \"error: The sandbox is not in sync with the Podfile.lock. Run 'pod install' or update your CocoaPods installation.\" >&2\n    exit 1\nfi\n# This output is used by Xcode 'outputs' to avoid re-running this script phase.\necho \"SUCCESS\" > \"${SCRIPT_OUTPUT_FILE_0}\"\n";
			showEnvVarsInLog = 0;
		};
		6D61E67D8B94255DB6EC2268 /* [CP] Embed Pods Frameworks */ = {
			isa = PBXShellScriptBuildPhase;
			buildActionMask = 2147483647;
			files = (
			);
			inputFileListPaths = (
				"${PODS_ROOT}/Target Support Files/Pods-TinkoffFintechMessenger/Pods-TinkoffFintechMessenger-frameworks-${CONFIGURATION}-input-files.xcfilelist",
			);
			name = "[CP] Embed Pods Frameworks";
			outputFileListPaths = (
				"${PODS_ROOT}/Target Support Files/Pods-TinkoffFintechMessenger/Pods-TinkoffFintechMessenger-frameworks-${CONFIGURATION}-output-files.xcfilelist",
			);
			runOnlyForDeploymentPostprocessing = 0;
			shellPath = /bin/sh;
			shellScript = "\"${PODS_ROOT}/Target Support Files/Pods-TinkoffFintechMessenger/Pods-TinkoffFintechMessenger-frameworks.sh\"\n";
			showEnvVarsInLog = 0;
		};
		7240BEE9253B27E800C00BB9 /* ShellScript */ = {
			isa = PBXShellScriptBuildPhase;
			buildActionMask = 2147483647;
			files = (
			);
			inputFileListPaths = (
			);
			inputPaths = (
			);
			outputFileListPaths = (
			);
			outputPaths = (
			);
			runOnlyForDeploymentPostprocessing = 0;
			shellPath = /bin/sh;
			shellScript = "\"${PODS_ROOT}/SwiftLint/swiftlint\"\n";
		};
/* End PBXShellScriptBuildPhase section */

/* Begin PBXSourcesBuildPhase section */
		7276ABE6250E67510017245A /* Sources */ = {
			isa = PBXSourcesBuildPhase;
			buildActionMask = 2147483647;
			files = (
				7240BEFB253B484500C00BB9 /* NetworkManager.swift in Sources */,
				7240BF05253CBC5700C00BB9 /* SendMessageView.swift in Sources */,
				7293C6D12536594E0081BA1C /* DataManager.swift in Sources */,
				7293C6E32537624E0081BA1C /* Constants.swift in Sources */,
				72A175852534E2AC00D4D81D /* ImagePickerDelegate.swift in Sources */,
				72EAD6FA251D10E2003DC6E4 /* ProfileImageView.swift in Sources */,
				729E44E62521FA7F004CE520 /* ConversationViewController.swift in Sources */,
				72EAD704251D392F003DC6E4 /* ConversationsListViewController.swift in Sources */,
				7276ABF2250E67510017245A /* ProfileViewController.swift in Sources */,
				6DD805D5251151910070594D /* UIViewController+State.swift in Sources */,
				7240BEFF253CA15D00C00BB9 /* ConversationListTableViewHeader.swift in Sources */,
				72A175822534DDD200D4D81D /* CameraManager.swift in Sources */,
				729E44ED252201F2004CE520 /* MessageCellModel.swift in Sources */,
				72A1757E2534DC9100D4D81D /* TextViewDelegate.swift in Sources */,
				7293C6D425365BAE0081BA1C /* GCDDataManager.swift in Sources */,
				7293C6D725365BD90081BA1C /* OperationDataManager.swift in Sources */,
				7240BEFD253B48F500C00BB9 /* FirestoreNetworkManager.swift in Sources */,
				72EAD710251DC3D0003DC6E4 /* ConversationListTableViewCell.swift in Sources */,
				7276AC05250E81DF0017245A /* Logger.swift in Sources */,
				7293C6DE25375E6D0081BA1C /* FileManager+Operations.swift in Sources */,
				72AF92BD2527B4B500335DF4 /* ThemesPickerDelegate.swift in Sources */,
				7240BF01253CB55500C00BB9 /* String+Content.swift in Sources */,
				7240BEEE253B2CFD00C00BB9 /* Message.swift in Sources */,
				7293C6DA25365E1E0081BA1C /* PersonViewModel.swift in Sources */,
				72EAD6FF251D11B0003DC6E4 /* Person.swift in Sources */,
				7240BEF0253B2D2800C00BB9 /* Channel.swift in Sources */,
				7240BF03253CB70C00C00BB9 /* CreateChannelAlertController.swift in Sources */,
				7256E6B32527808300DA0608 /* ThemesViewController.swift in Sources */,
				729E44EA2521FD6B004CE520 /* MessageCell.swift in Sources */,
				7256E6B72527821200DA0608 /* ThemePicker.swift in Sources */,
				72F69F42251E82FF00FCC09B /* Date+Formatter.swift in Sources */,
				72F69F4525210EB700FCC09B /* Appearance.swift in Sources */,
				72FF172D2521DC6B00B60547 /* DataProvider.swift in Sources */,
				7276ABEE250E67510017245A /* AppDelegate.swift in Sources */,
				72EAD716251DD0A5003DC6E4 /* ConfigurableView.swift in Sources */,
				7293C6E92537A38A0081BA1C /* UIImage+Comparer.swift in Sources */,
				72DAD5FF250F4489008C8762 /* UIApplication.State+description.swift in Sources */,
				72AF92C8252934DB00335DF4 /* BaseNavigationController.swift in Sources */,
				7256E6BA2527821F00DA0608 /* ThemeModel.swift in Sources */,
				7240BEF7253B469A00C00BB9 /* FirestoreDataProvider.swift in Sources */,
			);
			runOnlyForDeploymentPostprocessing = 0;
		};
/* End PBXSourcesBuildPhase section */

/* Begin PBXVariantGroup section */
		7276ABF3250E67510017245A /* Profile.storyboard */ = {
			isa = PBXVariantGroup;
			children = (
				7276ABF4250E67510017245A /* Base */,
			);
			name = Profile.storyboard;
			sourceTree = "<group>";
		};
		7276ABF8250E67520017245A /* LaunchScreen.storyboard */ = {
			isa = PBXVariantGroup;
			children = (
				7276ABF9250E67520017245A /* Base */,
			);
			name = LaunchScreen.storyboard;
			sourceTree = "<group>";
		};
/* End PBXVariantGroup section */

/* Begin XCBuildConfiguration section */
		7276ABFC250E67520017245A /* Debug */ = {
			isa = XCBuildConfiguration;
			buildSettings = {
				ALWAYS_SEARCH_USER_PATHS = NO;
				CLANG_ANALYZER_NONNULL = YES;
				CLANG_ANALYZER_NUMBER_OBJECT_CONVERSION = YES_AGGRESSIVE;
				CLANG_CXX_LANGUAGE_STANDARD = "gnu++14";
				CLANG_CXX_LIBRARY = "libc++";
				CLANG_ENABLE_MODULES = YES;
				CLANG_ENABLE_OBJC_ARC = YES;
				CLANG_ENABLE_OBJC_WEAK = YES;
				CLANG_WARN_BLOCK_CAPTURE_AUTORELEASING = YES;
				CLANG_WARN_BOOL_CONVERSION = YES;
				CLANG_WARN_COMMA = YES;
				CLANG_WARN_CONSTANT_CONVERSION = YES;
				CLANG_WARN_DEPRECATED_OBJC_IMPLEMENTATIONS = YES;
				CLANG_WARN_DIRECT_OBJC_ISA_USAGE = YES_ERROR;
				CLANG_WARN_DOCUMENTATION_COMMENTS = YES;
				CLANG_WARN_EMPTY_BODY = YES;
				CLANG_WARN_ENUM_CONVERSION = YES;
				CLANG_WARN_INFINITE_RECURSION = YES;
				CLANG_WARN_INT_CONVERSION = YES;
				CLANG_WARN_NON_LITERAL_NULL_CONVERSION = YES;
				CLANG_WARN_OBJC_IMPLICIT_RETAIN_SELF = YES;
				CLANG_WARN_OBJC_LITERAL_CONVERSION = YES;
				CLANG_WARN_OBJC_ROOT_CLASS = YES_ERROR;
				CLANG_WARN_QUOTED_INCLUDE_IN_FRAMEWORK_HEADER = YES;
				CLANG_WARN_RANGE_LOOP_ANALYSIS = YES;
				CLANG_WARN_STRICT_PROTOTYPES = YES;
				CLANG_WARN_SUSPICIOUS_MOVE = YES;
				CLANG_WARN_UNGUARDED_AVAILABILITY = YES_AGGRESSIVE;
				CLANG_WARN_UNREACHABLE_CODE = YES;
				CLANG_WARN__DUPLICATE_METHOD_MATCH = YES;
				COPY_PHASE_STRIP = NO;
				DEBUG_INFORMATION_FORMAT = dwarf;
				ENABLE_STRICT_OBJC_MSGSEND = YES;
				ENABLE_TESTABILITY = YES;
				GCC_C_LANGUAGE_STANDARD = gnu11;
				GCC_DYNAMIC_NO_PIC = NO;
				GCC_NO_COMMON_BLOCKS = YES;
				GCC_OPTIMIZATION_LEVEL = 0;
				GCC_PREPROCESSOR_DEFINITIONS = (
					"DEBUG=1",
					"$(inherited)",
				);
				GCC_WARN_64_TO_32_BIT_CONVERSION = YES;
				GCC_WARN_ABOUT_RETURN_TYPE = YES_ERROR;
				GCC_WARN_UNDECLARED_SELECTOR = YES;
				GCC_WARN_UNINITIALIZED_AUTOS = YES_AGGRESSIVE;
				GCC_WARN_UNUSED_FUNCTION = YES;
				GCC_WARN_UNUSED_VARIABLE = YES;
				IPHONEOS_DEPLOYMENT_TARGET = 12.0;
				MTL_ENABLE_DEBUG_INFO = INCLUDE_SOURCE;
				MTL_FAST_MATH = YES;
				ONLY_ACTIVE_ARCH = YES;
				SDKROOT = iphoneos;
				SWIFT_ACTIVE_COMPILATION_CONDITIONS = DEBUG;
				SWIFT_OPTIMIZATION_LEVEL = "-Onone";
			};
			name = Debug;
		};
		7276ABFD250E67520017245A /* Release */ = {
			isa = XCBuildConfiguration;
			buildSettings = {
				ALWAYS_SEARCH_USER_PATHS = NO;
				CLANG_ANALYZER_NONNULL = YES;
				CLANG_ANALYZER_NUMBER_OBJECT_CONVERSION = YES_AGGRESSIVE;
				CLANG_CXX_LANGUAGE_STANDARD = "gnu++14";
				CLANG_CXX_LIBRARY = "libc++";
				CLANG_ENABLE_MODULES = YES;
				CLANG_ENABLE_OBJC_ARC = YES;
				CLANG_ENABLE_OBJC_WEAK = YES;
				CLANG_WARN_BLOCK_CAPTURE_AUTORELEASING = YES;
				CLANG_WARN_BOOL_CONVERSION = YES;
				CLANG_WARN_COMMA = YES;
				CLANG_WARN_CONSTANT_CONVERSION = YES;
				CLANG_WARN_DEPRECATED_OBJC_IMPLEMENTATIONS = YES;
				CLANG_WARN_DIRECT_OBJC_ISA_USAGE = YES_ERROR;
				CLANG_WARN_DOCUMENTATION_COMMENTS = YES;
				CLANG_WARN_EMPTY_BODY = YES;
				CLANG_WARN_ENUM_CONVERSION = YES;
				CLANG_WARN_INFINITE_RECURSION = YES;
				CLANG_WARN_INT_CONVERSION = YES;
				CLANG_WARN_NON_LITERAL_NULL_CONVERSION = YES;
				CLANG_WARN_OBJC_IMPLICIT_RETAIN_SELF = YES;
				CLANG_WARN_OBJC_LITERAL_CONVERSION = YES;
				CLANG_WARN_OBJC_ROOT_CLASS = YES_ERROR;
				CLANG_WARN_QUOTED_INCLUDE_IN_FRAMEWORK_HEADER = YES;
				CLANG_WARN_RANGE_LOOP_ANALYSIS = YES;
				CLANG_WARN_STRICT_PROTOTYPES = YES;
				CLANG_WARN_SUSPICIOUS_MOVE = YES;
				CLANG_WARN_UNGUARDED_AVAILABILITY = YES_AGGRESSIVE;
				CLANG_WARN_UNREACHABLE_CODE = YES;
				CLANG_WARN__DUPLICATE_METHOD_MATCH = YES;
				COPY_PHASE_STRIP = NO;
				DEBUG_INFORMATION_FORMAT = "dwarf-with-dsym";
				ENABLE_NS_ASSERTIONS = NO;
				ENABLE_STRICT_OBJC_MSGSEND = YES;
				GCC_C_LANGUAGE_STANDARD = gnu11;
				GCC_NO_COMMON_BLOCKS = YES;
				GCC_WARN_64_TO_32_BIT_CONVERSION = YES;
				GCC_WARN_ABOUT_RETURN_TYPE = YES_ERROR;
				GCC_WARN_UNDECLARED_SELECTOR = YES;
				GCC_WARN_UNINITIALIZED_AUTOS = YES_AGGRESSIVE;
				GCC_WARN_UNUSED_FUNCTION = YES;
				GCC_WARN_UNUSED_VARIABLE = YES;
				IPHONEOS_DEPLOYMENT_TARGET = 12.0;
				MTL_ENABLE_DEBUG_INFO = NO;
				MTL_FAST_MATH = YES;
				SDKROOT = iphoneos;
				SWIFT_COMPILATION_MODE = wholemodule;
				SWIFT_OPTIMIZATION_LEVEL = "-O";
				VALIDATE_PRODUCT = YES;
			};
			name = Release;
		};
		7276ABFF250E67520017245A /* Debug */ = {
			isa = XCBuildConfiguration;
			baseConfigurationReference = 5786F2FF9963D4A506F1D523 /* Pods-TinkoffFintechMessenger.debug.xcconfig */;
			buildSettings = {
				ASSETCATALOG_COMPILER_APPICON_NAME = AppIcon;
				CODE_SIGN_STYLE = Automatic;
				DEVELOPMENT_TEAM = T6696YN386;
				INFOPLIST_FILE = TinkoffFintechMessenger/SupportingFiles/Info.plist;
				IPHONEOS_DEPLOYMENT_TARGET = 12.0;
				LD_RUNPATH_SEARCH_PATHS = (
					"$(inherited)",
					"@executable_path/Frameworks",
				);
				PRODUCT_BUNDLE_IDENTIFIER = ru.tinkoff.TinkoffChat;
				PRODUCT_NAME = Messenger;
				SWIFT_VERSION = 5.0;
				TARGETED_DEVICE_FAMILY = "1,2";
			};
			name = Debug;
		};
		7276AC00250E67520017245A /* Release */ = {
			isa = XCBuildConfiguration;
			baseConfigurationReference = 6F5C6EBCC32D1CACA43E7F81 /* Pods-TinkoffFintechMessenger.release.xcconfig */;
			buildSettings = {
				ASSETCATALOG_COMPILER_APPICON_NAME = AppIcon;
				CODE_SIGN_STYLE = Automatic;
				DEVELOPMENT_TEAM = T6696YN386;
				INFOPLIST_FILE = TinkoffFintechMessenger/SupportingFiles/Info.plist;
				IPHONEOS_DEPLOYMENT_TARGET = 12.0;
				LD_RUNPATH_SEARCH_PATHS = (
					"$(inherited)",
					"@executable_path/Frameworks",
				);
				PRODUCT_BUNDLE_IDENTIFIER = ru.tinkoff.TinkoffChat;
				PRODUCT_NAME = Messenger;
				SWIFT_VERSION = 5.0;
				TARGETED_DEVICE_FAMILY = "1,2";
			};
			name = Release;
		};
/* End XCBuildConfiguration section */

/* Begin XCConfigurationList section */
		7276ABE5250E67510017245A /* Build configuration list for PBXProject "TinkoffFintechMessenger" */ = {
			isa = XCConfigurationList;
			buildConfigurations = (
				7276ABFC250E67520017245A /* Debug */,
				7276ABFD250E67520017245A /* Release */,
			);
			defaultConfigurationIsVisible = 0;
			defaultConfigurationName = Release;
		};
		7276ABFE250E67520017245A /* Build configuration list for PBXNativeTarget "TinkoffFintechMessenger" */ = {
			isa = XCConfigurationList;
			buildConfigurations = (
				7276ABFF250E67520017245A /* Debug */,
				7276AC00250E67520017245A /* Release */,
			);
			defaultConfigurationIsVisible = 0;
			defaultConfigurationName = Release;
		};
/* End XCConfigurationList section */
	};
	rootObject = 7276ABE2250E67510017245A /* Project object */;
}
